// !$*UTF8*$!
{
	archiveVersion = 1;
	classes = {
	};
	objectVersion = 56;
	objects = {

/* Begin PBXBuildFile section */
		E57A110000000000000000B1 /* ios_app_entry.m in Sources */ = {isa = PBXBuildFile; fileRef = E57A11000000000000000001 /* ios_app_entry.m */; };
		E57A110000000000000000B2 /* AppDelegate.m in Sources */ = {isa = PBXBuildFile; fileRef = E57A11000000000000000003 /* AppDelegate.m */; };
		E57A110000000000000000B3 /* ViewController.mm in Sources */ = {isa = PBXBuildFile; fileRef = E57A11000000000000000005 /* ViewController.mm */; };
		E57A11000000000000000101 /* app_lifecycle.cpp in Sources */ = {isa = PBXBuildFile; fileRef = E57A11000000000000000010 /* app_lifecycle.cpp */; };
		E57A11000000000000000102 /* frame_scheduler.cpp in Sources */ = {isa = PBXBuildFile; fileRef = E57A11000000000000000011 /* frame_scheduler.cpp */; };
		E57A11000000000000000103 /* vulkan_renderer.cpp in Sources */ = {isa = PBXBuildFile; fileRef = E57A11000000000000000012 /* vulkan_renderer.cpp */; };
		E57A11000000000000000148 /* compositor.cpp in Sources */ = {isa = PBXBuildFile; fileRef = E57A11000000000000000048 /* compositor.cpp */; };
		E57A11000000000000000149 /* vulkan_context.cpp in Sources */ = {isa = PBXBuildFile; fileRef = E57A11000000000000000049 /* vulkan_context.cpp */; };
		E57A1100000000000000014A /* swapchain.cpp in Sources */ = {isa = PBXBuildFile; fileRef = E57A1100000000000000004A /* swapchain.cpp */; };
		E57A1100000000000000014B /* ui_pipeline.cpp in Sources */ = {isa = PBXBuildFile; fileRef = E57A1100000000000000004B /* ui_pipeline.cpp */; };
		E57A1100000000000000014C /* texture_cache.cpp in Sources */ = {isa = PBXBuildFile; fileRef = E57A1100000000000000004C /* texture_cache.cpp */; };
		E57A11000000000000000104 /* ui_application.cpp in Sources */ = {isa = PBXBuildFile; fileRef = E57A11000000000000000013 /* ui_application.cpp */; };
		E57A11000000000000000105 /* render_view.cpp in Sources */ = {isa = PBXBuildFile; fileRef = E57A11000000000000000014 /* render_view.cpp */; };
		E57A11000000000000000106 /* pointer_input.cpp in Sources */ = {isa = PBXBuildFile; fileRef = E57A11000000000000000015 /* pointer_input.cpp */; };
		E57A11000000000000000107 /* animation_scheduler.cpp in Sources */ = {isa = PBXBuildFile; fileRef = E57A11000000000000000016 /* animation_scheduler.cpp */; };
		E57A11000000000000000108 /* paint_canvas.cpp in Sources */ = {isa = PBXBuildFile; fileRef = E57A11000000000000000017 /* paint_canvas.cpp */; };
		E57A11000000000000000109 /* event_bus.cpp in Sources */ = {isa = PBXBuildFile; fileRef = E57A11000000000000000018 /* event_bus.cpp */; };
		E57A11000000000000000122 /* font_engine.cpp in Sources */ = {isa = PBXBuildFile; fileRef = E57A11000000000000000027 /* font_engine.cpp */; };
		E57A11000000000000000124 /* texture_store.cpp in Sources */ = {isa = PBXBuildFile; fileRef = E57A11000000000000000029 /* texture_store.cpp */; };
		E57A11000000000000000125 /* app_images.cpp in Sources */ = {isa = PBXBuildFile; fileRef = E57A1100000000000000002A /* app_images.cpp */; };
		E57A11000000000000000123 /* app_fonts.cpp in Sources */ = {isa = PBXBuildFile; fileRef = E57A11000000000000000028 /* app_fonts.cpp */; };
		E57A11000000000000000110 /* widget_tree.cpp in Sources */ = {isa = PBXBuildFile; fileRef = E57A11000000000000000019 /* widget_tree.cpp */; };
		E57A11000000000000000140 /* basic.cpp in Sources */ = {isa = PBXBuildFile; fileRef = E57A11000000000000000040 /* basic.cpp */; };
		E57A11000000000000000141 /* button.cpp in Sources */ = {isa = PBXBuildFile; fileRef = E57A11000000000000000041 /* button.cpp */; };
		E57A11000000000000000142 /* container.cpp in Sources */ = {isa = PBXBuildFile; fileRef = E57A11000000000000000042 /* container.cpp */; };
		E57A11000000000000000143 /* flex.cpp in Sources */ = {isa = PBXBuildFile; fileRef = E57A11000000000000000043 /* flex.cpp */; };
		E57A11000000000000000144 /* image.cpp in Sources */ = {isa = PBXBuildFile; fileRef = E57A11000000000000000044 /* image.cpp */; };
		E57A11000000000000000145 /* list_view.cpp in Sources */ = {isa = PBXBuildFile; fileRef = E57A11000000000000000045 /* list_view.cpp */; };
		E57A11000000000000000146 /* scroll_view.cpp in Sources */ = {isa = PBXBuildFile; fileRef = E57A11000000000000000046 /* scroll_view.cpp */; };
		E57A11000000000000000147 /* text.cpp in Sources */ = {isa = PBXBuildFile; fileRef = E57A11000000000000000047 /* text.cpp */; };
		E57A11000000000000000111 /* button_control.cpp in Sources */ = {isa = PBXBuildFile; fileRef = E57A1100000000000000001A /* button_control.cpp */; };
		E57A11000000000000000112 /* flex_layout.cpp in Sources */ = {isa = PBXBuildFile; fileRef = E57A1100000000000000001B /* flex_layout.cpp */; };
		E57A11000000000000000113 /* scroll_control.cpp in Sources */ = {isa = PBXBuildFile; fileRef = E57A1100000000000000001C /* scroll_control.cpp */; };
		E57A11000000000000000114 /* navigation_stack.cpp in Sources */ = {isa = PBXBuildFile; fileRef = E57A1100000000000000001D /* navigation_stack.cpp */; };
		E57A11000000000000000115 /* app_entry.cpp in Sources */ = {isa = PBXBuildFile; fileRef = E57A11000000000000000020 /* app_entry.cpp */; };
		E57A11000000000000000116 /* screen_metrics.cpp in Sources */ = {isa = PBXBuildFile; fileRef = E57A11000000000000000021 /* screen_metrics.cpp */; };
		E57A11000000000000000117 /* app_theme.cpp in Sources */ = {isa = PBXBuildFile; fileRef = E57A11000000000000000022 /* app_theme.cpp */; };
		E57A11000000000000000118 /* home_page.cpp in Sources */ = {isa = PBXBuildFile; fileRef = E57A11000000000000000023 /* home_page.cpp */; };
		E57A11000000000000000119 /* detail_page.cpp in Sources */ = {isa = PBXBuildFile; fileRef = E57A11000000000000000024 /* detail_page.cpp */; };
		E57A11000000000000000126 /* watchlist_page.cpp in Sources */ = {isa = PBXBuildFile; fileRef = E57A11000000000000000037 /* watchlist_page.cpp */; };
		E57A11000000000000000120 /* ios_shell_bridge.mm in Sources */ = {isa = PBXBuildFile; fileRef = E57A11000000000000000025 /* ios_shell_bridge.mm */; };
		E57A11000000000000000121 /* ios_vulkan_platform.mm in Sources */ = {isa = PBXBuildFile; fileRef = E57A11000000000000000026 /* ios_vulkan_platform.mm */; };
		E57A11000000000000000131 /* libMoltenVK.a in Frameworks */ = {isa = PBXBuildFile; fileRef = E57A11000000000000000030 /* libMoltenVK.a */; };
		E57A11000000000000000132 /* UIKit.framework in Frameworks */ = {isa = PBXBuildFile; fileRef = E57A11000000000000000031 /* UIKit.framework */; };
		E57A11000000000000000133 /* Foundation.framework in Frameworks */ = {isa = PBXBuildFile; fileRef = E57A11000000000000000032 /* Foundation.framework */; };
		E57A11000000000000000134 /* Metal.framework in Frameworks */ = {isa = PBXBuildFile; fileRef = E57A11000000000000000033 /* Metal.framework */; };
		E57A11000000000000000135 /* QuartzCore.framework in Frameworks */ = {isa = PBXBuildFile; fileRef = E57A11000000000000000034 /* QuartzCore.framework */; };
		E57A11000000000000000136 /* IOSurface.framework in Frameworks */ = {isa = PBXBuildFile; fileRef = E57A11000000000000000035 /* IOSurface.framework */; };
		E57A11000000000000000137 /* CoreGraphics.framework in Frameworks */ = {isa = PBXBuildFile; fileRef = E57A11000000000000000036 /* CoreGraphics.framework */; };
		E57A11000000000000000301 /* MMKV.cpp in Sources */ = {isa = PBXBuildFile; fileRef = E57A11000000000000000201 /* MMKV.cpp */; settings = {COMPILER_FLAGS = "-std=c++20 -w"; }; };
		E57A11000000000000000302 /* MMKV_IO.cpp in Sources */ = {isa = PBXBuildFile; fileRef = E57A11000000000000000202 /* MMKV_IO.cpp */; settings = {COMPILER_FLAGS = "-std=c++20 -w"; }; };
		E57A11000000000000000303 /* MMKVLog.cpp in Sources */ = {isa = PBXBuildFile; fileRef = E57A11000000000000000203 /* MMKVLog.cpp */; settings = {COMPILER_FLAGS = "-std=c++20 -w"; }; };
		E57A11000000000000000304 /* CodedInputData.cpp in Sources */ = {isa = PBXBuildFile; fileRef = E57A11000000000000000204 /* CodedInputData.cpp */; settings = {COMPILER_FLAGS = "-std=c++20 -w"; }; };
		E57A11000000000000000305 /* CodedInputDataCrypt.cpp in Sources */ = {isa = PBXBuildFile; fileRef = E57A11000000000000000205 /* CodedInputDataCrypt.cpp */; settings = {COMPILER_FLAGS = "-std=c++20 -w"; }; };
		E57A11000000000000000306 /* CodedOutputData.cpp in Sources */ = {isa = PBXBuildFile; fileRef = E57A11000000000000000206 /* CodedOutputData.cpp */; settings = {COMPILER_FLAGS = "-std=c++20 -w"; }; };
		E57A11000000000000000307 /* KeyValueHolder.cpp in Sources */ = {isa = PBXBuildFile; fileRef = E57A11000000000000000207 /* KeyValueHolder.cpp */; settings = {COMPILER_FLAGS = "-std=c++20 -w"; }; };
		E57A11000000000000000308 /* PBUtility.cpp in Sources */ = {isa = PBXBuildFile; fileRef = E57A11000000000000000208 /* PBUtility.cpp */; settings = {COMPILER_FLAGS = "-std=c++20 -w"; }; };
		E57A11000000000000000309 /* MiniPBCoder.cpp in Sources */ = {isa = PBXBuildFile; fileRef = E57A11000000000000000209 /* MiniPBCoder.cpp */; settings = {COMPILER_FLAGS = "-std=c++20 -w"; }; };
		E57A1100000000000000030A /* MMBuffer.cpp in Sources */ = {isa = PBXBuildFile; fileRef = E57A1100000000000000020A /* MMBuffer.cpp */; settings = {COMPILER_FLAGS = "-std=c++20 -w"; }; };
		E57A1100000000000000030B /* InterProcessLock.cpp in Sources */ = {isa = PBXBuildFile; fileRef = E57A1100000000000000020B /* InterProcessLock.cpp */; settings = {COMPILER_FLAGS = "-std=c++20 -w"; }; };
		E57A1100000000000000030C /* MemoryFile.cpp in Sources */ = {isa = PBXBuildFile; fileRef = E57A1100000000000000020C /* MemoryFile.cpp */; settings = {COMPILER_FLAGS = "-std=c++20 -w"; }; };
		E57A1100000000000000030D /* ThreadLock.cpp in Sources */ = {isa = PBXBuildFile; fileRef = E57A1100000000000000020D /* ThreadLock.cpp */; settings = {COMPILER_FLAGS = "-std=c++20 -w"; }; };
		E57A1100000000000000030E /* AESCrypt.cpp in Sources */ = {isa = PBXBuildFile; fileRef = E57A1100000000000000020E /* AESCrypt.cpp */; settings = {COMPILER_FLAGS = "-std=c++20 -w"; }; };
		E57A1100000000000000030F /* openssl_aes_core.cpp in Sources */ = {isa = PBXBuildFile; fileRef = E57A1100000000000000020F /* openssl_aes_core.cpp */; settings = {COMPILER_FLAGS = "-std=c++20 -w"; }; };
		E57A11000000000000000310 /* openssl_cfb128.cpp in Sources */ = {isa = PBXBuildFile; fileRef = E57A11000000000000000210 /* openssl_cfb128.cpp */; settings = {COMPILER_FLAGS = "-std=c++20 -w"; }; };
		E57A11000000000000000311 /* openssl_md5_dgst.cpp in Sources */ = {isa = PBXBuildFile; fileRef = E57A11000000000000000211 /* openssl_md5_dgst.cpp */; settings = {COMPILER_FLAGS = "-std=c++20 -w"; }; };
		E57A11000000000000000312 /* openssl_md5_one.cpp in Sources */ = {isa = PBXBuildFile; fileRef = E57A11000000000000000212 /* openssl_md5_one.cpp */; settings = {COMPILER_FLAGS = "-std=c++20 -w"; }; };
		E57A11000000000000000313 /* crc32.cpp in Sources */ = {isa = PBXBuildFile; fileRef = E57A11000000000000000213 /* crc32.cpp */; settings = {COMPILER_FLAGS = "-std=c++20 -w"; }; };
		E57A11000000000000000314 /* openssl_aesv8-armx.S in Sources */ = {isa = PBXBuildFile; fileRef = E57A11000000000000000214 /* openssl_aesv8-armx.S */; };
		E57A11000000000000000315 /* kv_store.cpp in Sources */ = {isa = PBXBuildFile; fileRef = E57A11000000000000000215 /* kv_store.cpp */; };
/* End PBXBuildFile section */

/* Begin PBXFileReference section */
		E57A11000000000000000001 /* ios_app_entry.m */ = {isa = PBXFileReference; lastKnownFileType = sourcecode.c.objc; path = ios_app_entry.m; sourceTree = "<group>"; };
		E57A11000000000000000002 /* AppDelegate.h */ = {isa = PBXFileReference; lastKnownFileType = sourcecode.c.h; path = AppDelegate.h; sourceTree = "<group>"; };
		E57A11000000000000000003 /* AppDelegate.m */ = {isa = PBXFileReference; lastKnownFileType = sourcecode.c.objc; path = AppDelegate.m; sourceTree = "<group>"; };
		E57A11000000000000000004 /* ViewController.h */ = {isa = PBXFileReference; lastKnownFileType = sourcecode.c.h; path = ViewController.h; sourceTree = "<group>"; };
		E57A11000000000000000005 /* ViewController.mm */ = {isa = PBXFileReference; lastKnownFileType = sourcecode.cpp.objcpp; path = ViewController.mm; sourceTree = "<group>"; };
		E57A11000000000000000006 /* Info.plist */ = {isa = PBXFileReference; lastKnownFileType = text.plist.xml; path = Info.plist; sourceTree = "<group>"; };
		E57A11000000000000000010 /* app_lifecycle.cpp */ = {isa = PBXFileReference; lastKnownFileType = sourcecode.cpp.cpp; name = app_lifecycle.cpp; path = ../../../core/src/app_lifecycle.cpp; sourceTree = "<group>"; };
		E57A11000000000000000011 /* frame_scheduler.cpp */ = {isa = PBXFileReference; lastKnownFileType = sourcecode.cpp.cpp; name = frame_scheduler.cpp; path = ../../../core/src/frame_scheduler.cpp; sourceTree = "<group>"; };
		E57A11000000000000000012 /* vulkan_renderer.cpp */ = {isa = PBXFileReference; lastKnownFileType = sourcecode.cpp.cpp; name = vulkan_renderer.cpp; path = ../../../core/src/vulkan_renderer.cpp; sourceTree = "<group>"; };
		E57A11000000000000000048 /* compositor.cpp */ = {isa = PBXFileReference; lastKnownFileType = sourcecode.cpp.cpp; name = compositor.cpp; path = ../../../core/src/compositor.cpp; sourceTree = "<group>"; };
		E57A11000000000000000049 /* vulkan_context.cpp */ = {isa = PBXFileReference; lastKnownFileType = sourcecode.cpp.cpp; name = vulkan_context.cpp; path = ../../../core/src/gpu/vulkan_context.cpp; sourceTree = "<group>"; };
		E57A1100000000000000004A /* swapchain.cpp */ = {isa = PBXFileReference; lastKnownFileType = sourcecode.cpp.cpp; name = swapchain.cpp; path = ../../../core/src/gpu/swapchain.cpp; sourceTree = "<group>"; };
		E57A1100000000000000004B /* ui_pipeline.cpp */ = {isa = PBXFileReference; lastKnownFileType = sourcecode.cpp.cpp; name = ui_pipeline.cpp; path = ../../../core/src/gpu/ui_pipeline.cpp; sourceTree = "<group>"; };
		E57A1100000000000000004C /* texture_cache.cpp */ = {isa = PBXFileReference; lastKnownFileType = sourcecode.cpp.cpp; name = texture_cache.cpp; path = ../../../core/src/gpu/texture_cache.cpp; sourceTree = "<group>"; };
		E57A11000000000000000013 /* ui_application.cpp */ = {isa = PBXFileReference; lastKnownFileType = sourcecode.cpp.cpp; name = ui_application.cpp; path = ../../../core/src/ui/ui_application.cpp; sourceTree = "<group>"; };
		E57A11000000000000000014 /* render_view.cpp */ = {isa = PBXFileReference; lastKnownFileType = sourcecode.cpp.cpp; name = render_view.cpp; path = ../../../core/src/ui/render_view.cpp; sourceTree = "<group>"; };
		E57A11000000000000000015 /* pointer_input.cpp */ = {isa = PBXFileReference; lastKnownFileType = sourcecode.cpp.cpp; name = pointer_input.cpp; path = ../../../core/src/ui/pointer_input.cpp; sourceTree = "<group>"; };
		E57A11000000000000000016 /* animation_scheduler.cpp */ = {isa = PBXFileReference; lastKnownFileType = sourcecode.cpp.cpp; name = animation_scheduler.cpp; path = ../../../core/src/ui/animation_scheduler.cpp; sourceTree = "<group>"; };
		E57A11000000000000000017 /* paint_canvas.cpp */ = {isa = PBXFileReference; lastKnownFileType = sourcecode.cpp.cpp; name = paint_canvas.cpp; path = ../../../core/src/ui/paint_canvas.cpp; sourceTree = "<group>"; };
		E57A11000000000000000018 /* event_bus.cpp */ = {isa = PBXFileReference; lastKnownFileType = sourcecode.cpp.cpp; name = event_bus.cpp; path = ../../../core/src/ui/event_bus.cpp; sourceTree = "<group>"; };
		E57A11000000000000000027 /* font_engine.cpp */ = {isa = PBXFileReference; lastKnownFileType = sourcecode.cpp.cpp; name = font_engine.cpp; path = ../../../core/src/ui/font_engine.cpp; sourceTree = "<group>"; };
		E57A11000000000000000029 /* texture_store.cpp */ = {isa = PBXFileReference; lastKnownFileType = sourcecode.cpp.cpp; name = texture_store.cpp; path = ../../../core/src/ui/texture_store.cpp; sourceTree = "<group>"; };
		E57A1100000000000000002A /* app_images.cpp */ = {isa = PBXFileReference; lastKnownFileType = sourcecode.cpp.cpp; name = app_images.cpp; path = ../../../samples/app/app_images.cpp; sourceTree = "<group>"; };
		E57A11000000000000000028 /* app_fonts.cpp */ = {isa = PBXFileReference; lastKnownFileType = sourcecode.cpp.cpp; name = app_fonts.cpp; path = ../../../samples/app/app_fonts.cpp; sourceTree = "<group>"; };
		E57A11000000000000000019 /* widget_tree.cpp */ = {isa = PBXFileReference; lastKnownFileType = sourcecode.cpp.cpp; name = widget_tree.cpp; path = ../../../core/src/ui/widget_tree.cpp; sourceTree = "<group>"; };
		E57A11000000000000000040 /* basic.cpp */ = {isa = PBXFileReference; lastKnownFileType = sourcecode.cpp.cpp; name = basic.cpp; path = ../../../core/src/ui/controls/basic.cpp; sourceTree = "<group>"; };
		E57A11000000000000000041 /* button.cpp */ = {isa = PBXFileReference; lastKnownFileType = sourcecode.cpp.cpp; name = button.cpp; path = ../../../core/src/ui/controls/button.cpp; sourceTree = "<group>"; };
		E57A11000000000000000042 /* container.cpp */ = {isa = PBXFileReference; lastKnownFileType = sourcecode.cpp.cpp; name = container.cpp; path = ../../../core/src/ui/controls/container.cpp; sourceTree = "<group>"; };
		E57A11000000000000000043 /* flex.cpp */ = {isa = PBXFileReference; lastKnownFileType = sourcecode.cpp.cpp; name = flex.cpp; path = ../../../core/src/ui/controls/flex.cpp; sourceTree = "<group>"; };
		E57A11000000000000000044 /* image.cpp */ = {isa = PBXFileReference; lastKnownFileType = sourcecode.cpp.cpp; name = image.cpp; path = ../../../core/src/ui/controls/image.cpp; sourceTree = "<group>"; };
		E57A11000000000000000045 /* list_view.cpp */ = {isa = PBXFileReference; lastKnownFileType = sourcecode.cpp.cpp; name = list_view.cpp; path = ../../../core/src/ui/controls/list_view.cpp; sourceTree = "<group>"; };
		E57A11000000000000000046 /* scroll_view.cpp */ = {isa = PBXFileReference; lastKnownFileType = sourcecode.cpp.cpp; name = scroll_view.cpp; path = ../../../core/src/ui/controls/scroll_view.cpp; sourceTree = "<group>"; };
		E57A11000000000000000047 /* text.cpp */ = {isa = PBXFileReference; lastKnownFileType = sourcecode.cpp.cpp; name = text.cpp; path = ../../../core/src/ui/controls/text.cpp; sourceTree = "<group>"; };
		E57A1100000000000000001A /* button_control.cpp */ = {isa = PBXFileReference; lastKnownFileType = sourcecode.cpp.cpp; name = button_control.cpp; path = ../../../core/src/ui/view/button_control.cpp; sourceTree = "<group>"; };
		E57A1100000000000000001B /* flex_layout.cpp */ = {isa = PBXFileReference; lastKnownFileType = sourcecode.cpp.cpp; name = flex_layout.cpp; path = ../../../core/src/ui/layout/flex_layout.cpp; sourceTree = "<group>"; };
		E57A1100000000000000001C /* scroll_control.cpp */ = {isa = PBXFileReference; lastKnownFileType = sourcecode.cpp.cpp; name = scroll_control.cpp; path = ../../../core/src/ui/view/scroll_control.cpp; sourceTree = "<group>"; };
		E57A1100000000000000001D /* navigation_stack.cpp */ = {isa = PBXFileReference; lastKnownFileType = sourcecode.cpp.cpp; name = navigation_stack.cpp; path = ../../../core/src/ui/navigation/navigation_stack.cpp; sourceTree = "<group>"; };
		E57A11000000000000000020 /* app_entry.cpp */ = {isa = PBXFileReference; lastKnownFileType = sourcecode.cpp.cpp; name = app_entry.cpp; path = ../../../samples/app/app_entry.cpp; sourceTree = "<group>"; };
		E57A11000000000000000021 /* screen_metrics.cpp */ = {isa = PBXFileReference; lastKnownFileType = sourcecode.cpp.cpp; name = screen_metrics.cpp; path = ../../../samples/app/screen_metrics.cpp; sourceTree = "<group>"; };
		E57A11000000000000000022 /* app_theme.cpp */ = {isa = PBXFileReference; lastKnownFileType = sourcecode.cpp.cpp; name = app_theme.cpp; path = ../../../samples/app/app_theme.cpp; sourceTree = "<group>"; };
		E57A11000000000000000023 /* home_page.cpp */ = {isa = PBXFileReference; lastKnownFileType = sourcecode.cpp.cpp; name = home_page.cpp; path = ../../../samples/app/home_page.cpp; sourceTree = "<group>"; };
		E57A11000000000000000024 /* detail_page.cpp */ = {isa = PBXFileReference; lastKnownFileType = sourcecode.cpp.cpp; name = detail_page.cpp; path = ../../../samples/app/detail_page.cpp; sourceTree = "<group>"; };
		E57A11000000000000000037 /* watchlist_page.cpp */ = {isa = PBXFileReference; lastKnownFileType = sourcecode.cpp.cpp; name = watchlist_page.cpp; path = ../../../samples/app/watchlist_page.cpp; sourceTree = "<group>"; };
		E57A11000000000000000025 /* ios_shell_bridge.mm */ = {isa = PBXFileReference; lastKnownFileType = sourcecode.cpp.objcpp; name = ios_shell_bridge.mm; path = ../../../platform/ios/cpp/ios_shell_bridge.mm; sourceTree = "<group>"; };
		E57A11000000000000000026 /* ios_vulkan_platform.mm */ = {isa = PBXFileReference; lastKnownFileType = sourcecode.cpp.objcpp; name = ios_vulkan_platform.mm; path = ../../../platform/ios/cpp/ios_vulkan_platform.mm; sourceTree = "<group>"; };
		E57A1100000000000000002B /* ios_shell_bridge.h */ = {isa = PBXFileReference; lastKnownFileType = sourcecode.c.h; name = ios_shell_bridge.h; path = ../../../platform/ios/cpp/ios_shell_bridge.h; sourceTree = "<group>"; };
		E57A11000000000000000030 /* libMoltenVK.a */ = {isa = PBXFileReference; lastKnownFileType = archive.ar; name = libMoltenVK.a; path = "../../../third_party/moltenvk/MoltenVK.xcframework/ios-arm64/libMoltenVK.a"; sourceTree = "<group>"; };
		E57A11000000000000000031 /* UIKit.framework */ = {isa = PBXFileReference; lastKnownFileType = wrapper.framework; name = UIKit.framework; path = System/Library/Frameworks/UIKit.framework; sourceTree = SDKROOT; };
		E57A11000000000000000032 /* Foundation.framework */ = {isa = PBXFileReference; lastKnownFileType = wrapper.framework; name = Foundation.framework; path = System/Library/Frameworks/Foundation.framework; sourceTree = SDKROOT; };
		E57A11000000000000000033 /* Metal.framework */ = {isa = PBXFileReference; lastKnownFileType = wrapper.framework; name = Metal.framework; path = System/Library/Frameworks/Metal.framework; sourceTree = SDKROOT; };
		E57A11000000000000000034 /* QuartzCore.framework */ = {isa = PBXFileReference; lastKnownFileType = wrapper.framework; name = QuartzCore.framework; path = System/Library/Frameworks/QuartzCore.framework; sourceTree = SDKROOT; };
		E57A11000000000000000035 /* IOSurface.framework */ = {isa = PBXFileReference; lastKnownFileType = wrapper.framework; name = IOSurface.framework; path = System/Library/Frameworks/IOSurface.framework; sourceTree = SDKROOT; };
		E57A11000000000000000036 /* CoreGraphics.framework */ = {isa = PBXFileReference; lastKnownFileType = wrapper.framework; name = CoreGraphics.framework; path = System/Library/Frameworks/CoreGraphics.framework; sourceTree = SDKROOT; };
		E57A110000000000000000F8 /* EstarxVulkanSample.app */ = {isa = PBXFileReference; explicitFileType = wrapper.application; includeInIndex = 0; path = EstarxVulkanSample.app; sourceTree = BUILT_PRODUCTS_DIR; };
		E57A11000000000000000201 /* MMKV.cpp */ = {isa = PBXFileReference; lastKnownFileType = sourcecode.cpp.cpp; name = MMKV.cpp; path = ../../../third_party/mmkv/Core/MMKV.cpp; sourceTree = "<group>"; };
		E57A11000000000000000202 /* MMKV_IO.cpp */ = {isa = PBXFileReference; lastKnownFileType = sourcecode.cpp.cpp; name = MMKV_IO.cpp; path = ../../../third_party/mmkv/Core/MMKV_IO.cpp; sourceTree = "<group>"; };
		E57A11000000000000000203 /* MMKVLog.cpp */ = {isa = PBXFileReference; lastKnownFileType = sourcecode.cpp.cpp; name = MMKVLog.cpp; path = ../../../third_party/mmkv/Core/MMKVLog.cpp; sourceTree = "<group>"; };
		E57A11000000000000000204 /* CodedInputData.cpp */ = {isa = PBXFileReference; lastKnownFileType = sourcecode.cpp.cpp; name = CodedInputData.cpp; path = ../../../third_party/mmkv/Core/CodedInputData.cpp; sourceTree = "<group>"; };
		E57A11000000000000000205 /* CodedInputDataCrypt.cpp */ = {isa = PBXFileReference; lastKnownFileType = sourcecode.cpp.cpp; name = CodedInputDataCrypt.cpp; path = ../../../third_party/mmkv/Core/CodedInputDataCrypt.cpp; sourceTree = "<group>"; };
		E57A11000000000000000206 /* CodedOutputData.cpp */ = {isa = PBXFileReference; lastKnownFileType = sourcecode.cpp.cpp; name = CodedOutputData.cpp; path = ../../../third_party/mmkv/Core/CodedOutputData.cpp; sourceTree = "<group>"; };
		E57A11000000000000000207 /* KeyValueHolder.cpp */ = {isa = PBXFileReference; lastKnownFileType = sourcecode.cpp.cpp; name = KeyValueHolder.cpp; path = ../../../third_party/mmkv/Core/KeyValueHolder.cpp; sourceTree = "<group>"; };
		E57A11000000000000000208 /* PBUtility.cpp */ = {isa = PBXFileReference; lastKnownFileType = sourcecode.cpp.cpp; name = PBUtility.cpp; path = ../../../third_party/mmkv/Core/PBUtility.cpp; sourceTree = "<group>"; };
		E57A11000000000000000209 /* MiniPBCoder.cpp */ = {isa = PBXFileReference; lastKnownFileType = sourcecode.cpp.cpp; name = MiniPBCoder.cpp; path = ../../../third_party/mmkv/Core/MiniPBCoder.cpp; sourceTree = "<group>"; };
		E57A1100000000000000020A /* MMBuffer.cpp */ = {isa = PBXFileReference; lastKnownFileType = sourcecode.cpp.cpp; name = MMBuffer.cpp; path = ../../../third_party/mmkv/Core/MMBuffer.cpp; sourceTree = "<group>"; };
		E57A1100000000000000020B /* InterProcessLock.cpp */ = {isa = PBXFileReference; lastKnownFileType = sourcecode.cpp.cpp; name = InterProcessLock.cpp; path = ../../../third_party/mmkv/Core/InterProcessLock.cpp; sourceTree = "<group>"; };
		E57A1100000000000000020C /* MemoryFile.cpp */ = {isa = PBXFileReference; lastKnownFileType = sourcecode.cpp.cpp; name = MemoryFile.cpp; path = ../../../third_party/mmkv/Core/MemoryFile.cpp; sourceTree = "<group>"; };
		E57A1100000000000000020D /* ThreadLock.cpp */ = {isa = PBXFileReference; lastKnownFileType = sourcecode.cpp.cpp; name = ThreadLock.cpp; path = ../../../third_party/mmkv/Core/ThreadLock.cpp; sourceTree = "<group>"; };
		E57A1100000000000000020E /* AESCrypt.cpp */ = {isa = PBXFileReference; lastKnownFileType = sourcecode.cpp.cpp; name = AESCrypt.cpp; path = ../../../third_party/mmkv/Core/aes/AESCrypt.cpp; sourceTree = "<group>"; };
		E57A1100000000000000020F /* openssl_aes_core.cpp */ = {isa = PBXFileReference; lastKnownFileType = sourcecode.cpp.cpp; name = openssl_aes_core.cpp; path = ../../../third_party/mmkv/Core/aes/openssl/openssl_aes_core.cpp; sourceTree = "<group>"; };
		E57A11000000000000000210 /* openssl_cfb128.cpp */ = {isa = PBXFileReference; lastKnownFileType = sourcecode.cpp.cpp; name = openssl_cfb128.cpp; path = ../../../third_party/mmkv/Core/aes/openssl/openssl_cfb128.cpp; sourceTree = "<group>"; };
		E57A11000000000000000211 /* openssl_md5_dgst.cpp */ = {isa = PBXFileReference; lastKnownFileType = sourcecode.cpp.cpp; name = openssl_md5_dgst.cpp; path = ../../../third_party/mmkv/Core/aes/openssl/openssl_md5_dgst.cpp; sourceTree = "<group>"; };
		E57A11000000000000000212 /* openssl_md5_one.cpp */ = {isa = PBXFileReference; lastKnownFileType = sourcecode.cpp.cpp; name = openssl_md5_one.cpp; path = ../../../third_party/mmkv/Core/aes/openssl/openssl_md5_one.cpp; sourceTree = "<group>"; };
		E57A11000000000000000213 /* crc32.cpp */ = {isa = PBXFileReference; lastKnownFileType = sourcecode.cpp.cpp; name = crc32.cpp; path = ../../../third_party/mmkv/Core/crc32/zlib/crc32.cpp; sourceTree = "<group>"; };
		E57A11000000000000000214 /* openssl_aesv8-armx.S */ = {isa = PBXFileReference; lastKnownFileType = sourcecode.asm; name = openssl_aesv8-armx.S; path = ../../../third_party/mmkv/Core/aes/openssl/openssl_aesv8-armx.S; sourceTree = "<group>"; };
		E57A11000000000000000215 /* kv_store.cpp */ = {isa = PBXFileReference; lastKnownFileType = sourcecode.cpp.cpp; name = kv_store.cpp; path = ../../../core/src/kv_store.cpp; sourceTree = "<group>"; };
/* End PBXFileReference section */

/* Begin PBXFrameworksBuildPhase section */
		E57A110000000000000000F3 /* Frameworks */ = {
			isa = PBXFrameworksBuildPhase;
			buildActionMask = 2147483647;
			files = (
				E57A11000000000000000131 /* libMoltenVK.a in Frameworks */,
				E57A11000000000000000132 /* UIKit.framework in Frameworks */,
				E57A11000000000000000133 /* Foundation.framework in Frameworks */,
				E57A11000000000000000134 /* Metal.framework in Frameworks */,
				E57A11000000000000000135 /* QuartzCore.framework in Frameworks */,
				E57A11000000000000000136 /* IOSurface.framework in Frameworks */,
				E57A11000000000000000137 /* CoreGraphics.framework in Frameworks */,
			);
			runOnlyForDeploymentPostprocessing = 0;
		};
/* End PBXFrameworksBuildPhase section */

/* Begin PBXGroup section */
		E57A11000000000000000060 /* EstarxSample */ = {
			isa = PBXGroup;
			children = (
				E57A11000000000000000001 /* ios_app_entry.m */,
				E57A11000000000000000002 /* AppDelegate.h */,
				E57A11000000000000000003 /* AppDelegate.m */,
				E57A11000000000000000004 /* ViewController.h */,
				E57A11000000000000000005 /* ViewController.mm */,
				E57A11000000000000000006 /* Info.plist */,
			);
			path = EstarxSample;
			sourceTree = "<group>";
		};
		E57A11000000000000000061 /* core */ = {
			isa = PBXGroup;
			children = (
				E57A11000000000000000010 /* app_lifecycle.cpp */,
				E57A11000000000000000011 /* frame_scheduler.cpp */,
				E57A11000000000000000012 /* vulkan_renderer.cpp */,
				E57A11000000000000000048 /* compositor.cpp */,
				E57A11000000000000000049 /* vulkan_context.cpp */,
				E57A1100000000000000004A /* swapchain.cpp */,
				E57A1100000000000000004B /* ui_pipeline.cpp */,
				E57A1100000000000000004C /* texture_cache.cpp */,
				E57A11000000000000000013 /* ui_application.cpp */,
				E57A11000000000000000014 /* render_view.cpp */,
				E57A11000000000000000015 /* pointer_input.cpp */,
				E57A11000000000000000016 /* animation_scheduler.cpp */,
				E57A11000000000000000017 /* paint_canvas.cpp */,
				E57A11000000000000000018 /* event_bus.cpp */,
				E57A11000000000000000027 /* font_engine.cpp */,
				E57A11000000000000000029 /* texture_store.cpp */,
				E57A11000000000000000019 /* widget_tree.cpp */,
				E57A11000000000000000040 /* basic.cpp */,
				E57A11000000000000000041 /* button.cpp */,
				E57A11000000000000000042 /* container.cpp */,
				E57A11000000000000000043 /* flex.cpp */,
				E57A11000000000000000044 /* image.cpp */,
				E57A11000000000000000045 /* list_view.cpp */,
				E57A11000000000000000046 /* scroll_view.cpp */,
				E57A11000000000000000047 /* text.cpp */,
				E57A1100000000000000001A /* button_control.cpp */,
				E57A1100000000000000001B /* flex_layout.cpp */,
				E57A1100000000000000001C /* scroll_control.cpp */,
				E57A1100000000000000001D /* navigation_stack.cpp */,
				E57A11000000000000000215 /* kv_store.cpp */,
			);
			name = core;
			sourceTree = "<group>";
		};
		E57A11000000000000000062 /* samples-app */ = {
			isa = PBXGroup;
			children = (
				E57A11000000000000000020 /* app_entry.cpp */,
				E57A11000000000000000028 /* app_fonts.cpp */,
				E57A1100000000000000002A /* app_images.cpp */,
				E57A11000000000000000021 /* screen_metrics.cpp */,
				E57A11000000000000000022 /* app_theme.cpp */,
				E57A11000000000000000023 /* home_page.cpp */,
				E57A11000000000000000024 /* detail_page.cpp */,
				E57A11000000000000000037 /* watchlist_page.cpp */,
			);
			name = "samples-app";
			sourceTree = "<group>";
		};
		E57A11000000000000000063 /* platform-ios */ = {
			isa = PBXGroup;
			children = (
				E57A1100000000000000002B /* ios_shell_bridge.h */,
				E57A11000000000000000025 /* ios_shell_bridge.mm */,
				E57A11000000000000000026 /* ios_vulkan_platform.mm */,
			);
			name = "platform-ios";
			sourceTree = "<group>";
		};
		E57A11000000000000000064 /* Frameworks */ = {
			isa = PBXGroup;
			children = (
				E57A11000000000000000030 /* libMoltenVK.a */,
				E57A11000000000000000031 /* UIKit.framework */,
				E57A11000000000000000032 /* Foundation.framework */,
				E57A11000000000000000033 /* Metal.framework */,
				E57A11000000000000000034 /* QuartzCore.framework */,
				E57A11000000000000000035 /* IOSurface.framework */,
				E57A11000000000000000036 /* CoreGraphics.framework */,
			);
			name = Frameworks;
			sourceTree = "<group>";
		};
		E57A110000000000000000F6 = {
			isa = PBXGroup;
			children = (
				E57A11000000000000000060 /* EstarxSample */,
				E57A11000000000000000061 /* core */,
				E57A11000000000000000062 /* samples-app */,
				E57A11000000000000000063 /* platform-ios */,
				E57A11000000000000000200 /* mmkv */,
				E57A11000000000000000064 /* Frameworks */,
				E57A110000000000000000F7 /* Products */,
			);
			sourceTree = "<group>";
		};
		E57A110000000000000000F7 /* Products */ = {
			isa = PBXGroup;
			children = (
				E57A110000000000000000F8 /* EstarxVulkanSample.app */,
			);
			name = Products;
			sourceTree = "<group>";
		};
		E57A11000000000000000200 /* mmkv */ = {
			isa = PBXGroup;
			children = (
				E57A11000000000000000201 /* MMKV.cpp */,
				E57A11000000000000000202 /* MMKV_IO.cpp */,
				E57A11000000000000000203 /* MMKVLog.cpp */,
				E57A11000000000000000204 /* CodedInputData.cpp */,
				E57A11000000000000000205 /* CodedInputDataCrypt.cpp */,
				E57A11000000000000000206 /* CodedOutputData.cpp */,
				E57A11000000000000000207 /* KeyValueHolder.cpp */,
				E57A11000000000000000208 /* PBUtility.cpp */,
				E57A11000000000000000209 /* MiniPBCoder.cpp */,
				E57A1100000000000000020A /* MMBuffer.cpp */,
				E57A1100000000000000020B /* InterProcessLock.cpp */,
				E57A1100000000000000020C /* MemoryFile.cpp */,
				E57A1100000000000000020D /* ThreadLock.cpp */,
				E57A1100000000000000020E /* AESCrypt.cpp */,
				E57A1100000000000000020F /* openssl_aes_core.cpp */,
				E57A11000000000000000210 /* openssl_cfb128.cpp */,
				E57A11000000000000000211 /* openssl_md5_dgst.cpp */,
				E57A11000000000000000212 /* openssl_md5_one.cpp */,
				E57A11000000000000000213 /* crc32.cpp */,
				E57A11000000000000000214 /* openssl_aesv8-armx.S */,
			);
			name = mmkv;
			sourceTree = "<group>";
		};
/* End PBXGroup section */

/* Begin PBXNativeTarget section */
		E57A110000000000000000F1 /* EstarxVulkanSample */ = {
			isa = PBXNativeTarget;
			buildConfigurationList = E57A110000000000000000F9 /* Build configuration list for PBXNativeTarget "EstarxVulkanSample" */;
			buildPhases = (
				E57A110000000000000000F4 /* Embed Assets */,
				E57A110000000000000000F2 /* Sources */,
				E57A110000000000000000F3 /* Frameworks */,
			);
			buildRules = (
			);
			dependencies = (
			);
			name = EstarxVulkanSample;
			productName = EstarxVulkanSample;
			productReference = E57A110000000000000000F8 /* EstarxVulkanSample.app */;
			productType = "com.apple.product-type.application";
		};
/* End PBXNativeTarget section */

/* Begin PBXProject section */
		E57A110000000000000000F0 /* Project object */ = {
			isa = PBXProject;
			attributes = {
				BuildIndependentTargetsInParallel = 1;
				LastUpgradeCheck = 1600;
				TargetAttributes = {
					E57A110000000000000000F1 = {
						CreatedOnToolsVersion = 16.0;
					};
				};
			};
			buildConfigurationList = E57A110000000000000000FA /* Build configuration list for PBXProject "EstarxVulkan" */;
			compatibilityVersion = "Xcode 14.0";
			developmentRegion = en;
			hasScannedForEncodings = 0;
			knownRegions = (
				en,
				Base,
			);
			mainGroup = E57A110000000000000000F6;
			productRefGroup = E57A110000000000000000F7 /* Products */;
			projectDirPath = "";
			projectRoot = "";
			targets = (
				E57A110000000000000000F1 /* EstarxVulkanSample */,
			);
		};
/* End PBXProject section */

/* Begin PBXShellScriptBuildPhase section */
		E57A110000000000000000F4 /* Embed Assets */ = {
			isa = PBXShellScriptBuildPhase;
			alwaysOutOfDate = 1;
			buildActionMask = 2147483647;
			files = (
			);
			inputFileListPaths = (
			);
			inputPaths = (
				"$(SRCROOT)/../../../core/shaders/ui_vertex.vert",
				"$(SRCROOT)/../../../core/shaders/ui_fragment.frag",
				"$(SRCROOT)/../../../cmake/embed_ui_shaders.cmake",
			);
			name = "Embed Assets";
			outputFileListPaths = (
			);
			outputPaths = (
				"$(DERIVED_FILE_DIR)/evk/assets/ui_shaders.h",
				"$(DERIVED_FILE_DIR)/evk/assets/font_assets.h",
			);
			runOnlyForDeploymentPostprocessing = 0;
			shellPath = /bin/sh;
			shellScript = "set -e\n# glslc / cmake 多在 /opt/homebrew/bin，Xcode 默认 PATH 不含\nexport PATH=\"$PATH:/opt/homebrew/bin:/usr/local/bin\"\nREPO=\"$SRCROOT/../../..\"\nGLSLC=$(command -v glslc || true)\nif [ -z \"$GLSLC\" ]; then\n    echo \"error: glslc not found; install with 'brew install shaderc'\"\n    exit 1\nfi\ncmake \\\n    -DGLSLC_EXECUTABLE=\"$GLSLC\" \\\n    -DSHADER_NAME=ui \\\n    -DVERT_SRC=\"$REPO/core/shaders/ui_vertex.vert\" \\\n    -DFRAG_SRC=\"$REPO/core/shaders/ui_fragment.frag\" \\\n    -DOUTPUT_HEADER=\"$DERIVED_FILE_DIR/evk/assets/ui_shaders.h\" \\\n    -P \"$REPO/cmake/embed_ui_shaders.cmake\"\ncmake \\n    -DFONT_LIST=\"kFontRobotoRegular=$REPO/core/assets/fonts/roboto_regular_subset.ttf;kFontNotoSansScRegular=$REPO/core/assets/fonts/notosanssc_regular_subset.ttf;kFontNotoSansScBold=$REPO/core/assets/fonts/notosanssc_bold_subset.ttf\" \\n    -DOUTPUT_HEADER=\"$DERIVED_FILE_DIR/evk/assets/font_assets.h\" \\n    -P \"$REPO/cmake/embed_font_assets.cmake\"\n";
		};
/* End PBXShellScriptBuildPhase section */

/* Begin PBXSourcesBuildPhase section */
		E57A110000000000000000F2 /* Sources */ = {
			isa = PBXSourcesBuildPhase;
			buildActionMask = 2147483647;
			files = (
				E57A110000000000000000B1 /* ios_app_entry.m in Sources */,
				E57A110000000000000000B2 /* AppDelegate.m in Sources */,
				E57A110000000000000000B3 /* ViewController.mm in Sources */,
				E57A11000000000000000101 /* app_lifecycle.cpp in Sources */,
				E57A11000000000000000102 /* frame_scheduler.cpp in Sources */,
				E57A11000000000000000103 /* vulkan_renderer.cpp in Sources */,
				E57A11000000000000000148 /* compositor.cpp in Sources */,
				E57A11000000000000000149 /* vulkan_context.cpp in Sources */,
				E57A1100000000000000014A /* swapchain.cpp in Sources */,
				E57A1100000000000000014B /* ui_pipeline.cpp in Sources */,
				E57A1100000000000000014C /* texture_cache.cpp in Sources */,
				E57A11000000000000000104 /* ui_application.cpp in Sources */,
				E57A11000000000000000105 /* render_view.cpp in Sources */,
				E57A11000000000000000106 /* pointer_input.cpp in Sources */,
				E57A11000000000000000107 /* animation_scheduler.cpp in Sources */,
				E57A11000000000000000108 /* paint_canvas.cpp in Sources */,
				E57A11000000000000000109 /* event_bus.cpp in Sources */,
				E57A11000000000000000122 /* font_engine.cpp in Sources */,
				E57A11000000000000000124 /* texture_store.cpp in Sources */,
				E57A11000000000000000110 /* widget_tree.cpp in Sources */,
				E57A11000000000000000140 /* basic.cpp in Sources */,
				E57A11000000000000000141 /* button.cpp in Sources */,
				E57A11000000000000000142 /* container.cpp in Sources */,
				E57A11000000000000000143 /* flex.cpp in Sources */,
				E57A11000000000000000144 /* image.cpp in Sources */,
				E57A11000000000000000145 /* list_view.cpp in Sources */,
				E57A11000000000000000146 /* scroll_view.cpp in Sources */,
				E57A11000000000000000147 /* text.cpp in Sources */,
				E57A11000000000000000111 /* button_control.cpp in Sources */,
				E57A11000000000000000112 /* flex_layout.cpp in Sources */,
				E57A11000000000000000113 /* scroll_control.cpp in Sources */,
				E57A11000000000000000114 /* navigation_stack.cpp in Sources */,
				E57A11000000000000000115 /* app_entry.cpp in Sources */,
				E57A11000000000000000123 /* app_fonts.cpp in Sources */,
				E57A11000000000000000125 /* app_images.cpp in Sources */,
				E57A11000000000000000116 /* screen_metrics.cpp in Sources */,
				E57A11000000000000000117 /* app_theme.cpp in Sources */,
				E57A11000000000000000118 /* home_page.cpp in Sources */,
				E57A11000000000000000119 /* detail_page.cpp in Sources */,
				E57A11000000000000000126 /* watchlist_page.cpp in Sources */,
				E57A11000000000000000120 /* ios_shell_bridge.mm in Sources */,
				E57A11000000000000000121 /* ios_vulkan_platform.mm in Sources */,
				E57A11000000000000000301 /* MMKV.cpp in Sources */,
				E57A11000000000000000302 /* MMKV_IO.cpp in Sources */,
				E57A11000000000000000303 /* MMKVLog.cpp in Sources */,
				E57A11000000000000000304 /* CodedInputData.cpp in Sources */,
				E57A11000000000000000305 /* CodedInputDataCrypt.cpp in Sources */,
				E57A11000000000000000306 /* CodedOutputData.cpp in Sources */,
				E57A11000000000000000307 /* KeyValueHolder.cpp in Sources */,
				E57A11000000000000000308 /* PBUtility.cpp in Sources */,
				E57A11000000000000000309 /* MiniPBCoder.cpp in Sources */,
				E57A1100000000000000030A /* MMBuffer.cpp in Sources */,
				E57A1100000000000000030B /* InterProcessLock.cpp in Sources */,
				E57A1100000000000000030C /* MemoryFile.cpp in Sources */,
				E57A1100000000000000030D /* ThreadLock.cpp in Sources */,
				E57A1100000000000000030E /* AESCrypt.cpp in Sources */,
				E57A1100000000000000030F /* openssl_aes_core.cpp in Sources */,
				E57A11000000000000000310 /* openssl_cfb128.cpp in Sources */,
				E57A11000000000000000311 /* openssl_md5_dgst.cpp in Sources */,
				E57A11000000000000000312 /* openssl_md5_one.cpp in Sources */,
				E57A11000000000000000313 /* crc32.cpp in Sources */,
				E57A11000000000000000314 /* openssl_aesv8-armx.S in Sources */,
				E57A11000000000000000315 /* kv_store.cpp in Sources */,
			);
			runOnlyForDeploymentPostprocessing = 0;
		};
/* End PBXSourcesBuildPhase section */

/* Begin XCBuildConfiguration section */
		E57A110000000000000000FB /* Debug */ = {
			isa = XCBuildConfiguration;
			buildSettings = {
				GCC_PREPROCESSOR_DEFINITIONS = (
					"$(inherited)",
					"FORCE_POSIX=1",
					"MMKV_EMBED_ZLIB=1",
				);
				ASSETCATALOG_COMPILER_APPICON_NAME = "";
				CODE_SIGN_STYLE = Automatic;
				CURRENT_PROJECT_VERSION = 1;
				DEVELOPMENT_TEAM = JK29957Z9Z;
				GENERATE_INFOPLIST_FILE = NO;
				HEADER_SEARCH_PATHS = (
					"$(inherited)",
					"$(SRCROOT)/../../../core/include",
					"$(SRCROOT)/../../../samples/app",
					"$(SRCROOT)/../../../platform/ios/cpp",
					"$(SRCROOT)/../../../third_party/spdlog/include",
					"$(SRCROOT)/../../../third_party/stb",
					"$(SRCROOT)/../../../third_party/glm",
					"$(SRCROOT)/../../../third_party/moltenvk/include",
					"$(SRCROOT)/../../../third_party/mmkv/Core",
					"$(DERIVED_FILE_DIR)",
				);
				INFOPLIST_FILE = EstarxSample/Info.plist;
				LD_RUNPATH_SEARCH_PATHS = (
					"$(inherited)",
					"@executable_path/Frameworks",
				);
				LIBRARY_SEARCH_PATHS = (
					"$(inherited)",
					"$(SRCROOT)/../../../third_party/moltenvk/MoltenVK.xcframework/ios-arm64",
				);
				MARKETING_VERSION = 1.0;
				PRODUCT_BUNDLE_IDENTIFIER = com.estarx.vulkansample;
				PRODUCT_NAME = "$(TARGET_NAME)";
				SWIFT_EMIT_LOC_STRINGS = YES;
				TARGETED_DEVICE_FAMILY = "1,2";
			};
			name = Debug;
		};
		E57A110000000000000000FC /* Release */ = {
			isa = XCBuildConfiguration;
			buildSettings = {
				GCC_PREPROCESSOR_DEFINITIONS = (
					"$(inherited)",
					"FORCE_POSIX=1",
					"MMKV_EMBED_ZLIB=1",
				);
				ASSETCATALOG_COMPILER_APPICON_NAME = "";
				CODE_SIGN_STYLE = Automatic;
				CURRENT_PROJECT_VERSION = 1;
				DEVELOPMENT_TEAM = JK29957Z9Z;
				GENERATE_INFOPLIST_FILE = NO;
				HEADER_SEARCH_PATHS = (
					"$(inherited)",
					"$(SRCROOT)/../../../core/include",
					"$(SRCROOT)/../../../samples/app",
					"$(SRCROOT)/../../../platform/ios/cpp",
					"$(SRCROOT)/../../../third_party/spdlog/include",
					"$(SRCROOT)/../../../third_party/stb",
					"$(SRCROOT)/../../../third_party/glm",
					"$(SRCROOT)/../../../third_party/moltenvk/include",
					"$(SRCROOT)/../../../third_party/mmkv/Core",
					"$(DERIVED_FILE_DIR)",
				);
				INFOPLIST_FILE = EstarxSample/Info.plist;
				LD_RUNPATH_SEARCH_PATHS = (
					"$(inherited)",
					"@executable_path/Frameworks",
				);
				LIBRARY_SEARCH_PATHS = (
					"$(inherited)",
					"$(SRCROOT)/../../../third_party/moltenvk/MoltenVK.xcframework/ios-arm64",
				);
				MARKETING_VERSION = 1.0;
				PRODUCT_BUNDLE_IDENTIFIER = com.estarx.vulkansample;
				PRODUCT_NAME = "$(TARGET_NAME)";
				SWIFT_EMIT_LOC_STRINGS = YES;
				TARGETED_DEVICE_FAMILY = "1,2";
			};
			name = Release;
		};
		E57A110000000000000000FD /* Debug */ = {
			isa = XCBuildConfiguration;
			buildSettings = {
				ALWAYS_SEARCH_USER_PATHS = NO;
				CLANG_ANALYZER_NONNULL = YES;
				CLANG_CXX_LANGUAGE_STANDARD = "c++17";
				CLANG_ENABLE_MODULES = YES;
				CLANG_ENABLE_OBJC_ARC = YES;
				CLANG_ENABLE_OBJC_WEAK = YES;
				CLANG_WARN_DOCUMENTATION_COMMENTS = YES;
				CLANG_WARN_UNGUARDED_AVAILABILITY = YES_AGGRESSIVE;
				DEBUG_INFORMATION_FORMAT = dwarf;
				ENABLE_STRICT_OBJC_MSGSEND = YES;
				ENABLE_TESTABILITY = YES;
				GCC_C_LANGUAGE_STANDARD = gnu17;
				GCC_DYNAMIC_NO_PIC = NO;
				GCC_NO_COMMON_BLOCKS = YES;
				GCC_OPTIMIZATION_LEVEL = 0;
				GCC_PREPROCESSOR_DEFINITIONS = (
					"DEBUG=1",
					"$(inherited)",
				);
				IPHONEOS_DEPLOYMENT_TARGET = 15.0;
				MTL_ENABLE_DEBUG_INFO = INCLUDE_SOURCE;
				ONLY_ACTIVE_ARCH = YES;
				SDKROOT = iphoneos;
			};
			name = Debug;
		};
		E57A110000000000000000FE /* Release */ = {
			isa = XCBuildConfiguration;
			buildSettings = {
				ALWAYS_SEARCH_USER_PATHS = NO;
				CLANG_ANALYZER_NONNULL = YES;
				CLANG_CXX_LANGUAGE_STANDARD = "c++17";
				CLANG_ENABLE_MODULES = YES;
				CLANG_ENABLE_OBJC_ARC = YES;
				CLANG_ENABLE_OBJC_WEAK = YES;
				CLANG_WARN_DOCUMENTATION_COMMENTS = YES;
				CLANG_WARN_UNGUARDED_AVAILABILITY = YES_AGGRESSIVE;
				DEBUG_INFORMATION_FORMAT = "dwarf-with-dsym";
				ENABLE_NS_ASSERTIONS = NO;
				ENABLE_STRICT_OBJC_MSGSEND = YES;
				GCC_C_LANGUAGE_STANDARD = gnu17;
				GCC_NO_COMMON_BLOCKS = YES;
				IPHONEOS_DEPLOYMENT_TARGET = 15.0;
				MTL_ENABLE_DEBUG_INFO = NO;
				SDKROOT = iphoneos;
				VALIDATE_PRODUCT = YES;
			};
			name = Release;
		};
/* End XCBuildConfiguration section */

/* Begin XCConfigurationList section */
		E57A110000000000000000F9 /* Build configuration list for PBXNativeTarget "EstarxVulkanSample" */ = {
			isa = XCConfigurationList;
			buildConfigurations = (
				E57A110000000000000000FB /* Debug */,
				E57A110000000000000000FC /* Release */,
			);
			defaultConfigurationIsVisible = 0;
			defaultConfigurationName = Release;
		};
		E57A110000000000000000FA /* Build configuration list for PBXProject "EstarxVulkan" */ = {
			isa = XCConfigurationList;
			buildConfigurations = (
				E57A110000000000000000FD /* Debug */,
				E57A110000000000000000FE /* Release */,
			);
			defaultConfigurationIsVisible = 0;
			defaultConfigurationName = Release;
		};
/* End XCConfigurationList section */
	};
	rootObject = E57A110000000000000000F0 /* Project object */;
}
