// !$*UTF8*$!
{
	archiveVersion = 1;
	classes = {
	};
	objectVersion = 56;
	objects = {

/* Begin PBXBuildFile section */
		E57A110000000000000000B1 /* main.m in Sources */ = {isa = PBXBuildFile; fileRef = E57A11000000000000000001 /* main.m */; };
		E57A110000000000000000B2 /* AppDelegate.m in Sources */ = {isa = PBXBuildFile; fileRef = E57A11000000000000000003 /* AppDelegate.m */; };
		E57A110000000000000000B3 /* ViewController.mm in Sources */ = {isa = PBXBuildFile; fileRef = E57A11000000000000000005 /* ViewController.mm */; };
		E57A11000000000000000101 /* event.cpp in Sources */ = {isa = PBXBuildFile; fileRef = E57A11000000000000000010 /* event.cpp */; };
		E57A11000000000000000102 /* render_loop.cpp in Sources */ = {isa = PBXBuildFile; fileRef = E57A11000000000000000011 /* render_loop.cpp */; };
		E57A11000000000000000103 /* renderer.cpp in Sources */ = {isa = PBXBuildFile; fileRef = E57A11000000000000000012 /* renderer.cpp */; };
		E57A11000000000000000104 /* esx_view.cpp in Sources */ = {isa = PBXBuildFile; fileRef = E57A11000000000000000013 /* esx_view.cpp */; };
		E57A11000000000000000105 /* view.cpp in Sources */ = {isa = PBXBuildFile; fileRef = E57A11000000000000000014 /* view.cpp */; };
		E57A11000000000000000106 /* input.cpp in Sources */ = {isa = PBXBuildFile; fileRef = E57A11000000000000000015 /* input.cpp */; };
		E57A11000000000000000107 /* animator.cpp in Sources */ = {isa = PBXBuildFile; fileRef = E57A11000000000000000016 /* animator.cpp */; };
		E57A11000000000000000108 /* canvas.cpp in Sources */ = {isa = PBXBuildFile; fileRef = E57A11000000000000000017 /* canvas.cpp */; };
		E57A11000000000000000109 /* event_bus.cpp in Sources */ = {isa = PBXBuildFile; fileRef = E57A11000000000000000018 /* event_bus.cpp */; };
		E57A11000000000000000110 /* widget.cpp in Sources */ = {isa = PBXBuildFile; fileRef = E57A11000000000000000019 /* widget.cpp */; };
		E57A11000000000000000111 /* button.cpp in Sources */ = {isa = PBXBuildFile; fileRef = E57A1100000000000000001A /* button.cpp */; };
		E57A11000000000000000112 /* flex.cpp in Sources */ = {isa = PBXBuildFile; fileRef = E57A1100000000000000001B /* flex.cpp */; };
		E57A11000000000000000113 /* scroll_view.cpp in Sources */ = {isa = PBXBuildFile; fileRef = E57A1100000000000000001C /* scroll_view.cpp */; };
		E57A11000000000000000114 /* navigation.cpp in Sources */ = {isa = PBXBuildFile; fileRef = E57A1100000000000000001D /* navigation.cpp */; };
		E57A11000000000000000115 /* app_main.cpp in Sources */ = {isa = PBXBuildFile; fileRef = E57A11000000000000000020 /* app_main.cpp */; };
		E57A11000000000000000116 /* app_metrics.cpp in Sources */ = {isa = PBXBuildFile; fileRef = E57A11000000000000000021 /* app_metrics.cpp */; };
		E57A11000000000000000117 /* app_theme.cpp in Sources */ = {isa = PBXBuildFile; fileRef = E57A11000000000000000022 /* app_theme.cpp */; };
		E57A11000000000000000118 /* main_page.cpp in Sources */ = {isa = PBXBuildFile; fileRef = E57A11000000000000000023 /* main_page.cpp */; };
		E57A11000000000000000119 /* detail_page.cpp in Sources */ = {isa = PBXBuildFile; fileRef = E57A11000000000000000024 /* detail_page.cpp */; };
		E57A11000000000000000120 /* bridge_ios.mm in Sources */ = {isa = PBXBuildFile; fileRef = E57A11000000000000000025 /* bridge_ios.mm */; };
		E57A11000000000000000121 /* platform_ios.mm in Sources */ = {isa = PBXBuildFile; fileRef = E57A11000000000000000026 /* platform_ios.mm */; };
		E57A11000000000000000131 /* libMoltenVK.a in Frameworks */ = {isa = PBXBuildFile; fileRef = E57A11000000000000000030 /* libMoltenVK.a */; };
		E57A11000000000000000132 /* UIKit.framework in Frameworks */ = {isa = PBXBuildFile; fileRef = E57A11000000000000000031 /* UIKit.framework */; };
		E57A11000000000000000133 /* Foundation.framework in Frameworks */ = {isa = PBXBuildFile; fileRef = E57A11000000000000000032 /* Foundation.framework */; };
		E57A11000000000000000134 /* Metal.framework in Frameworks */ = {isa = PBXBuildFile; fileRef = E57A11000000000000000033 /* Metal.framework */; };
		E57A11000000000000000135 /* QuartzCore.framework in Frameworks */ = {isa = PBXBuildFile; fileRef = E57A11000000000000000034 /* QuartzCore.framework */; };
		E57A11000000000000000136 /* IOSurface.framework in Frameworks */ = {isa = PBXBuildFile; fileRef = E57A11000000000000000035 /* IOSurface.framework */; };
		E57A11000000000000000137 /* CoreGraphics.framework in Frameworks */ = {isa = PBXBuildFile; fileRef = E57A11000000000000000036 /* CoreGraphics.framework */; };
/* End PBXBuildFile section */

/* Begin PBXFileReference section */
		E57A11000000000000000001 /* main.m */ = {isa = PBXFileReference; lastKnownFileType = sourcecode.c.objc; path = main.m; sourceTree = "<group>"; };
		E57A11000000000000000002 /* AppDelegate.h */ = {isa = PBXFileReference; lastKnownFileType = sourcecode.c.h; path = AppDelegate.h; sourceTree = "<group>"; };
		E57A11000000000000000003 /* AppDelegate.m */ = {isa = PBXFileReference; lastKnownFileType = sourcecode.c.objc; path = AppDelegate.m; sourceTree = "<group>"; };
		E57A11000000000000000004 /* ViewController.h */ = {isa = PBXFileReference; lastKnownFileType = sourcecode.c.h; path = ViewController.h; sourceTree = "<group>"; };
		E57A11000000000000000005 /* ViewController.mm */ = {isa = PBXFileReference; lastKnownFileType = sourcecode.cpp.objcpp; path = ViewController.mm; sourceTree = "<group>"; };
		E57A11000000000000000006 /* Info.plist */ = {isa = PBXFileReference; lastKnownFileType = text.plist.xml; path = Info.plist; sourceTree = "<group>"; };
		E57A11000000000000000010 /* event.cpp */ = {isa = PBXFileReference; lastKnownFileType = sourcecode.cpp.cpp; name = event.cpp; path = ../../../core/src/event.cpp; sourceTree = "<group>"; };
		E57A11000000000000000011 /* render_loop.cpp */ = {isa = PBXFileReference; lastKnownFileType = sourcecode.cpp.cpp; name = render_loop.cpp; path = ../../../core/src/render_loop.cpp; sourceTree = "<group>"; };
		E57A11000000000000000012 /* renderer.cpp */ = {isa = PBXFileReference; lastKnownFileType = sourcecode.cpp.cpp; name = renderer.cpp; path = ../../../core/src/renderer.cpp; sourceTree = "<group>"; };
		E57A11000000000000000013 /* esx_view.cpp */ = {isa = PBXFileReference; lastKnownFileType = sourcecode.cpp.cpp; name = esx_view.cpp; path = ../../../core/src/esx_view.cpp; sourceTree = "<group>"; };
		E57A11000000000000000014 /* view.cpp */ = {isa = PBXFileReference; lastKnownFileType = sourcecode.cpp.cpp; name = view.cpp; path = ../../../core/src/ui/view.cpp; sourceTree = "<group>"; };
		E57A11000000000000000015 /* input.cpp */ = {isa = PBXFileReference; lastKnownFileType = sourcecode.cpp.cpp; name = input.cpp; path = ../../../core/src/ui/input.cpp; sourceTree = "<group>"; };
		E57A11000000000000000016 /* animator.cpp */ = {isa = PBXFileReference; lastKnownFileType = sourcecode.cpp.cpp; name = animator.cpp; path = ../../../core/src/ui/animator.cpp; sourceTree = "<group>"; };
		E57A11000000000000000017 /* canvas.cpp */ = {isa = PBXFileReference; lastKnownFileType = sourcecode.cpp.cpp; name = canvas.cpp; path = ../../../core/src/ui/canvas.cpp; sourceTree = "<group>"; };
		E57A11000000000000000018 /* event_bus.cpp */ = {isa = PBXFileReference; lastKnownFileType = sourcecode.cpp.cpp; name = event_bus.cpp; path = ../../../core/src/ui/event_bus.cpp; sourceTree = "<group>"; };
		E57A11000000000000000019 /* widget.cpp */ = {isa = PBXFileReference; lastKnownFileType = sourcecode.cpp.cpp; name = widget.cpp; path = ../../../core/src/ui/widget.cpp; sourceTree = "<group>"; };
		E57A1100000000000000001A /* button.cpp */ = {isa = PBXFileReference; lastKnownFileType = sourcecode.cpp.cpp; name = button.cpp; path = ../../../core/src/ui/controls/button.cpp; sourceTree = "<group>"; };
		E57A1100000000000000001B /* flex.cpp */ = {isa = PBXFileReference; lastKnownFileType = sourcecode.cpp.cpp; name = flex.cpp; path = ../../../core/src/ui/controls/flex.cpp; sourceTree = "<group>"; };
		E57A1100000000000000001C /* scroll_view.cpp */ = {isa = PBXFileReference; lastKnownFileType = sourcecode.cpp.cpp; name = scroll_view.cpp; path = ../../../core/src/ui/controls/scroll_view.cpp; sourceTree = "<group>"; };
		E57A1100000000000000001D /* navigation.cpp */ = {isa = PBXFileReference; lastKnownFileType = sourcecode.cpp.cpp; name = navigation.cpp; path = ../../../core/src/ui/controls/navigation.cpp; sourceTree = "<group>"; };
		E57A11000000000000000020 /* app_main.cpp */ = {isa = PBXFileReference; lastKnownFileType = sourcecode.cpp.cpp; name = app_main.cpp; path = ../../../samples/app/app_main.cpp; sourceTree = "<group>"; };
		E57A11000000000000000021 /* app_metrics.cpp */ = {isa = PBXFileReference; lastKnownFileType = sourcecode.cpp.cpp; name = app_metrics.cpp; path = ../../../samples/app/app_metrics.cpp; sourceTree = "<group>"; };
		E57A11000000000000000022 /* app_theme.cpp */ = {isa = PBXFileReference; lastKnownFileType = sourcecode.cpp.cpp; name = app_theme.cpp; path = ../../../samples/app/app_theme.cpp; sourceTree = "<group>"; };
		E57A11000000000000000023 /* main_page.cpp */ = {isa = PBXFileReference; lastKnownFileType = sourcecode.cpp.cpp; name = main_page.cpp; path = ../../../samples/app/main_page.cpp; sourceTree = "<group>"; };
		E57A11000000000000000024 /* detail_page.cpp */ = {isa = PBXFileReference; lastKnownFileType = sourcecode.cpp.cpp; name = detail_page.cpp; path = ../../../samples/app/detail_page.cpp; sourceTree = "<group>"; };
		E57A11000000000000000025 /* bridge_ios.mm */ = {isa = PBXFileReference; lastKnownFileType = sourcecode.cpp.objcpp; name = bridge_ios.mm; path = ../../../platform/ios/cpp/bridge_ios.mm; sourceTree = "<group>"; };
		E57A11000000000000000026 /* platform_ios.mm */ = {isa = PBXFileReference; lastKnownFileType = sourcecode.cpp.objcpp; name = platform_ios.mm; path = ../../../platform/ios/cpp/platform_ios.mm; sourceTree = "<group>"; };
		E57A11000000000000000027 /* bridge_ios.h */ = {isa = PBXFileReference; lastKnownFileType = sourcecode.c.h; name = bridge_ios.h; path = ../../../platform/ios/cpp/bridge_ios.h; sourceTree = "<group>"; };
		E57A11000000000000000030 /* libMoltenVK.a */ = {isa = PBXFileReference; lastKnownFileType = archive.ar; name = libMoltenVK.a; path = "../../../third_party/moltenvk/MoltenVK.xcframework/ios-arm64/libMoltenVK.a"; sourceTree = "<group>"; };
		E57A11000000000000000031 /* UIKit.framework */ = {isa = PBXFileReference; lastKnownFileType = wrapper.framework; name = UIKit.framework; path = System/Library/Frameworks/UIKit.framework; sourceTree = SDKROOT; };
		E57A11000000000000000032 /* Foundation.framework */ = {isa = PBXFileReference; lastKnownFileType = wrapper.framework; name = Foundation.framework; path = System/Library/Frameworks/Foundation.framework; sourceTree = SDKROOT; };
		E57A11000000000000000033 /* Metal.framework */ = {isa = PBXFileReference; lastKnownFileType = wrapper.framework; name = Metal.framework; path = System/Library/Frameworks/Metal.framework; sourceTree = SDKROOT; };
		E57A11000000000000000034 /* QuartzCore.framework */ = {isa = PBXFileReference; lastKnownFileType = wrapper.framework; name = QuartzCore.framework; path = System/Library/Frameworks/QuartzCore.framework; sourceTree = SDKROOT; };
		E57A11000000000000000035 /* IOSurface.framework */ = {isa = PBXFileReference; lastKnownFileType = wrapper.framework; name = IOSurface.framework; path = System/Library/Frameworks/IOSurface.framework; sourceTree = SDKROOT; };
		E57A11000000000000000036 /* CoreGraphics.framework */ = {isa = PBXFileReference; lastKnownFileType = wrapper.framework; name = CoreGraphics.framework; path = System/Library/Frameworks/CoreGraphics.framework; sourceTree = SDKROOT; };
		E57A110000000000000000F8 /* EstarxVulkanSample.app */ = {isa = PBXFileReference; explicitFileType = wrapper.application; includeInIndex = 0; path = EstarxVulkanSample.app; sourceTree = BUILT_PRODUCTS_DIR; };
/* End PBXFileReference section */

/* Begin PBXFrameworksBuildPhase section */
		E57A110000000000000000F3 /* Frameworks */ = {
			isa = PBXFrameworksBuildPhase;
			buildActionMask = 2147483647;
			files = (
				E57A11000000000000000131 /* libMoltenVK.a in Frameworks */,
				E57A11000000000000000132 /* UIKit.framework in Frameworks */,
				E57A11000000000000000133 /* Foundation.framework in Frameworks */,
				E57A11000000000000000134 /* Metal.framework in Frameworks */,
				E57A11000000000000000135 /* QuartzCore.framework in Frameworks */,
				E57A11000000000000000136 /* IOSurface.framework in Frameworks */,
				E57A11000000000000000137 /* CoreGraphics.framework in Frameworks */,
			);
			runOnlyForDeploymentPostprocessing = 0;
		};
/* End PBXFrameworksBuildPhase section */

/* Begin PBXGroup section */
		E57A11000000000000000060 /* EstarxSample */ = {
			isa = PBXGroup;
			children = (
				E57A11000000000000000001 /* main.m */,
				E57A11000000000000000002 /* AppDelegate.h */,
				E57A11000000000000000003 /* AppDelegate.m */,
				E57A11000000000000000004 /* ViewController.h */,
				E57A11000000000000000005 /* ViewController.mm */,
				E57A11000000000000000006 /* Info.plist */,
			);
			path = EstarxSample;
			sourceTree = "<group>";
		};
		E57A11000000000000000061 /* core */ = {
			isa = PBXGroup;
			children = (
				E57A11000000000000000010 /* event.cpp */,
				E57A11000000000000000011 /* render_loop.cpp */,
				E57A11000000000000000012 /* renderer.cpp */,
				E57A11000000000000000013 /* esx_view.cpp */,
				E57A11000000000000000014 /* view.cpp */,
				E57A11000000000000000015 /* input.cpp */,
				E57A11000000000000000016 /* animator.cpp */,
				E57A11000000000000000017 /* canvas.cpp */,
				E57A11000000000000000018 /* event_bus.cpp */,
				E57A11000000000000000019 /* widget.cpp */,
				E57A1100000000000000001A /* button.cpp */,
				E57A1100000000000000001B /* flex.cpp */,
				E57A1100000000000000001C /* scroll_view.cpp */,
				E57A1100000000000000001D /* navigation.cpp */,
			);
			name = core;
			sourceTree = "<group>";
		};
		E57A11000000000000000062 /* samples-app */ = {
			isa = PBXGroup;
			children = (
				E57A11000000000000000020 /* app_main.cpp */,
				E57A11000000000000000021 /* app_metrics.cpp */,
				E57A11000000000000000022 /* app_theme.cpp */,
				E57A11000000000000000023 /* main_page.cpp */,
				E57A11000000000000000024 /* detail_page.cpp */,
			);
			name = "samples-app";
			sourceTree = "<group>";
		};
		E57A11000000000000000063 /* platform-ios */ = {
			isa = PBXGroup;
			children = (
				E57A11000000000000000027 /* bridge_ios.h */,
				E57A11000000000000000025 /* bridge_ios.mm */,
				E57A11000000000000000026 /* platform_ios.mm */,
			);
			name = "platform-ios";
			sourceTree = "<group>";
		};
		E57A11000000000000000064 /* Frameworks */ = {
			isa = PBXGroup;
			children = (
				E57A11000000000000000030 /* libMoltenVK.a */,
				E57A11000000000000000031 /* UIKit.framework */,
				E57A11000000000000000032 /* Foundation.framework */,
				E57A11000000000000000033 /* Metal.framework */,
				E57A11000000000000000034 /* QuartzCore.framework */,
				E57A11000000000000000035 /* IOSurface.framework */,
				E57A11000000000000000036 /* CoreGraphics.framework */,
			);
			name = Frameworks;
			sourceTree = "<group>";
		};
		E57A110000000000000000F6 = {
			isa = PBXGroup;
			children = (
				E57A11000000000000000060 /* EstarxSample */,
				E57A11000000000000000061 /* core */,
				E57A11000000000000000062 /* samples-app */,
				E57A11000000000000000063 /* platform-ios */,
				E57A11000000000000000064 /* Frameworks */,
				E57A110000000000000000F7 /* Products */,
			);
			sourceTree = "<group>";
		};
		E57A110000000000000000F7 /* Products */ = {
			isa = PBXGroup;
			children = (
				E57A110000000000000000F8 /* EstarxVulkanSample.app */,
			);
			name = Products;
			sourceTree = "<group>";
		};
/* End PBXGroup section */

/* Begin PBXNativeTarget section */
		E57A110000000000000000F1 /* EstarxVulkanSample */ = {
			isa = PBXNativeTarget;
			buildConfigurationList = E57A110000000000000000F9 /* Build configuration list for PBXNativeTarget "EstarxVulkanSample" */;
			buildPhases = (
				E57A110000000000000000F4 /* Embed UI Shaders */,
				E57A110000000000000000F2 /* Sources */,
				E57A110000000000000000F3 /* Frameworks */,
			);
			buildRules = (
			);
			dependencies = (
			);
			name = EstarxVulkanSample;
			productName = EstarxVulkanSample;
			productReference = E57A110000000000000000F8 /* EstarxVulkanSample.app */;
			productType = "com.apple.product-type.application";
		};
/* End PBXNativeTarget section */

/* Begin PBXProject section */
		E57A110000000000000000F0 /* Project object */ = {
			isa = PBXProject;
			attributes = {
				BuildIndependentTargetsInParallel = 1;
				LastUpgradeCheck = 1600;
				TargetAttributes = {
					E57A110000000000000000F1 = {
						CreatedOnToolsVersion = 16.0;
					};
				};
			};
			buildConfigurationList = E57A110000000000000000FA /* Build configuration list for PBXProject "EstarxVulkan" */;
			compatibilityVersion = "Xcode 14.0";
			developmentRegion = en;
			hasScannedForEncodings = 0;
			knownRegions = (
				en,
				Base,
			);
			mainGroup = E57A110000000000000000F6;
			productRefGroup = E57A110000000000000000F7 /* Products */;
			projectDirPath = "";
			projectRoot = "";
			targets = (
				E57A110000000000000000F1 /* EstarxVulkanSample */,
			);
		};
/* End PBXProject section */

/* Begin PBXShellScriptBuildPhase section */
		E57A110000000000000000F4 /* Embed UI Shaders */ = {
			isa = PBXShellScriptBuildPhase;
			alwaysOutOfDate = 1;
			buildActionMask = 2147483647;
			files = (
			);
			inputFileListPaths = (
			);
			inputPaths = (
				"$(SRCROOT)/../../../core/shaders/ui.vert",
				"$(SRCROOT)/../../../core/shaders/ui.frag",
				"$(SRCROOT)/../../../cmake/embed_shaders.cmake",
			);
			name = "Embed UI Shaders";
			outputFileListPaths = (
			);
			outputPaths = (
				"$(DERIVED_FILE_DIR)/evk/assets/ui_shaders.h",
			);
			runOnlyForDeploymentPostprocessing = 0;
			shellPath = /bin/sh;
			shellScript = "set -e\n# glslc / cmake 多在 /opt/homebrew/bin，Xcode 默认 PATH 不含\nexport PATH=\"$PATH:/opt/homebrew/bin:/usr/local/bin\"\nREPO=\"$SRCROOT/../../..\"\nGLSLC=$(command -v glslc || true)\nif [ -z \"$GLSLC\" ]; then\n    echo \"error: glslc not found; install with 'brew install shaderc'\"\n    exit 1\nfi\ncmake \\\n    -DGLSLC_EXECUTABLE=\"$GLSLC\" \\\n    -DSHADER_NAME=ui \\\n    -DVERT_SRC=\"$REPO/core/shaders/ui.vert\" \\\n    -DFRAG_SRC=\"$REPO/core/shaders/ui.frag\" \\\n    -DOUTPUT_HEADER=\"$DERIVED_FILE_DIR/evk/assets/ui_shaders.h\" \\\n    -P \"$REPO/cmake/embed_shaders.cmake\"\n";
		};
/* End PBXShellScriptBuildPhase section */

/* Begin PBXSourcesBuildPhase section */
		E57A110000000000000000F2 /* Sources */ = {
			isa = PBXSourcesBuildPhase;
			buildActionMask = 2147483647;
			files = (
				E57A110000000000000000B1 /* main.m in Sources */,
				E57A110000000000000000B2 /* AppDelegate.m in Sources */,
				E57A110000000000000000B3 /* ViewController.mm in Sources */,
				E57A11000000000000000101 /* event.cpp in Sources */,
				E57A11000000000000000102 /* render_loop.cpp in Sources */,
				E57A11000000000000000103 /* renderer.cpp in Sources */,
				E57A11000000000000000104 /* esx_view.cpp in Sources */,
				E57A11000000000000000105 /* view.cpp in Sources */,
				E57A11000000000000000106 /* input.cpp in Sources */,
				E57A11000000000000000107 /* animator.cpp in Sources */,
				E57A11000000000000000108 /* canvas.cpp in Sources */,
				E57A11000000000000000109 /* event_bus.cpp in Sources */,
				E57A11000000000000000110 /* widget.cpp in Sources */,
				E57A11000000000000000111 /* button.cpp in Sources */,
				E57A11000000000000000112 /* flex.cpp in Sources */,
				E57A11000000000000000113 /* scroll_view.cpp in Sources */,
				E57A11000000000000000114 /* navigation.cpp in Sources */,
				E57A11000000000000000115 /* app_main.cpp in Sources */,
				E57A11000000000000000116 /* app_metrics.cpp in Sources */,
				E57A11000000000000000117 /* app_theme.cpp in Sources */,
				E57A11000000000000000118 /* main_page.cpp in Sources */,
				E57A11000000000000000119 /* detail_page.cpp in Sources */,
				E57A11000000000000000120 /* bridge_ios.mm in Sources */,
				E57A11000000000000000121 /* platform_ios.mm in Sources */,
			);
			runOnlyForDeploymentPostprocessing = 0;
		};
/* End PBXSourcesBuildPhase section */

/* Begin XCBuildConfiguration section */
		E57A110000000000000000FB /* Debug */ = {
			isa = XCBuildConfiguration;
			buildSettings = {
				ASSETCATALOG_COMPILER_APPICON_NAME = "";
				CODE_SIGN_STYLE = Automatic;
				CURRENT_PROJECT_VERSION = 1;
				DEVELOPMENT_TEAM = JK29957Z9Z;
				GENERATE_INFOPLIST_FILE = NO;
				HEADER_SEARCH_PATHS = (
					"$(inherited)",
					"$(SRCROOT)/../../../core/include",
					"$(SRCROOT)/../../../samples/app",
					"$(SRCROOT)/../../../platform/ios/cpp",
					"$(SRCROOT)/../../../third_party/spdlog/include",
					"$(SRCROOT)/../../../third_party/glm",
					"$(SRCROOT)/../../../third_party/moltenvk/include",
					"$(DERIVED_FILE_DIR)",
				);
				INFOPLIST_FILE = EstarxSample/Info.plist;
				LD_RUNPATH_SEARCH_PATHS = (
					"$(inherited)",
					"@executable_path/Frameworks",
				);
				LIBRARY_SEARCH_PATHS = (
					"$(inherited)",
					"$(SRCROOT)/../../../third_party/moltenvk/MoltenVK.xcframework/ios-arm64",
				);
				MARKETING_VERSION = 1.0;
				PRODUCT_BUNDLE_IDENTIFIER = com.estarx.vulkansample;
				PRODUCT_NAME = "$(TARGET_NAME)";
				SWIFT_EMIT_LOC_STRINGS = YES;
				TARGETED_DEVICE_FAMILY = "1,2";
			};
			name = Debug;
		};
		E57A110000000000000000FC /* Release */ = {
			isa = XCBuildConfiguration;
			buildSettings = {
				ASSETCATALOG_COMPILER_APPICON_NAME = "";
				CODE_SIGN_STYLE = Automatic;
				CURRENT_PROJECT_VERSION = 1;
				DEVELOPMENT_TEAM = JK29957Z9Z;
				GENERATE_INFOPLIST_FILE = NO;
				HEADER_SEARCH_PATHS = (
					"$(inherited)",
					"$(SRCROOT)/../../../core/include",
					"$(SRCROOT)/../../../samples/app",
					"$(SRCROOT)/../../../platform/ios/cpp",
					"$(SRCROOT)/../../../third_party/spdlog/include",
					"$(SRCROOT)/../../../third_party/glm",
					"$(SRCROOT)/../../../third_party/moltenvk/include",
					"$(DERIVED_FILE_DIR)",
				);
				INFOPLIST_FILE = EstarxSample/Info.plist;
				LD_RUNPATH_SEARCH_PATHS = (
					"$(inherited)",
					"@executable_path/Frameworks",
				);
				LIBRARY_SEARCH_PATHS = (
					"$(inherited)",
					"$(SRCROOT)/../../../third_party/moltenvk/MoltenVK.xcframework/ios-arm64",
				);
				MARKETING_VERSION = 1.0;
				PRODUCT_BUNDLE_IDENTIFIER = com.estarx.vulkansample;
				PRODUCT_NAME = "$(TARGET_NAME)";
				SWIFT_EMIT_LOC_STRINGS = YES;
				TARGETED_DEVICE_FAMILY = "1,2";
			};
			name = Release;
		};
		E57A110000000000000000FD /* Debug */ = {
			isa = XCBuildConfiguration;
			buildSettings = {
				ALWAYS_SEARCH_USER_PATHS = NO;
				CLANG_ANALYZER_NONNULL = YES;
				CLANG_CXX_LANGUAGE_STANDARD = "c++17";
				CLANG_ENABLE_MODULES = YES;
				CLANG_ENABLE_OBJC_ARC = YES;
				CLANG_ENABLE_OBJC_WEAK = YES;
				CLANG_WARN_DOCUMENTATION_COMMENTS = YES;
				CLANG_WARN_UNGUARDED_AVAILABILITY = YES_AGGRESSIVE;
				DEBUG_INFORMATION_FORMAT = dwarf;
				ENABLE_STRICT_OBJC_MSGSEND = YES;
				ENABLE_TESTABILITY = YES;
				GCC_C_LANGUAGE_STANDARD = gnu17;
				GCC_DYNAMIC_NO_PIC = NO;
				GCC_NO_COMMON_BLOCKS = YES;
				GCC_OPTIMIZATION_LEVEL = 0;
				GCC_PREPROCESSOR_DEFINITIONS = (
					"DEBUG=1",
					"$(inherited)",
				);
				IPHONEOS_DEPLOYMENT_TARGET = 15.0;
				MTL_ENABLE_DEBUG_INFO = INCLUDE_SOURCE;
				ONLY_ACTIVE_ARCH = YES;
				SDKROOT = iphoneos;
			};
			name = Debug;
		};
		E57A110000000000000000FE /* Release */ = {
			isa = XCBuildConfiguration;
			buildSettings = {
				ALWAYS_SEARCH_USER_PATHS = NO;
				CLANG_ANALYZER_NONNULL = YES;
				CLANG_CXX_LANGUAGE_STANDARD = "c++17";
				CLANG_ENABLE_MODULES = YES;
				CLANG_ENABLE_OBJC_ARC = YES;
				CLANG_ENABLE_OBJC_WEAK = YES;
				CLANG_WARN_DOCUMENTATION_COMMENTS = YES;
				CLANG_WARN_UNGUARDED_AVAILABILITY = YES_AGGRESSIVE;
				DEBUG_INFORMATION_FORMAT = "dwarf-with-dsym";
				ENABLE_NS_ASSERTIONS = NO;
				ENABLE_STRICT_OBJC_MSGSEND = YES;
				GCC_C_LANGUAGE_STANDARD = gnu17;
				GCC_NO_COMMON_BLOCKS = YES;
				IPHONEOS_DEPLOYMENT_TARGET = 15.0;
				MTL_ENABLE_DEBUG_INFO = NO;
				SDKROOT = iphoneos;
				VALIDATE_PRODUCT = YES;
			};
			name = Release;
		};
/* End XCBuildConfiguration section */

/* Begin XCConfigurationList section */
		E57A110000000000000000F9 /* Build configuration list for PBXNativeTarget "EstarxVulkanSample" */ = {
			isa = XCConfigurationList;
			buildConfigurations = (
				E57A110000000000000000FB /* Debug */,
				E57A110000000000000000FC /* Release */,
			);
			defaultConfigurationIsVisible = 0;
			defaultConfigurationName = Release;
		};
		E57A110000000000000000FA /* Build configuration list for PBXProject "EstarxVulkan" */ = {
			isa = XCConfigurationList;
			buildConfigurations = (
				E57A110000000000000000FD /* Debug */,
				E57A110000000000000000FE /* Release */,
			);
			defaultConfigurationIsVisible = 0;
			defaultConfigurationName = Release;
		};
/* End XCConfigurationList section */
	};
	rootObject = E57A110000000000000000F0 /* Project object */;
}
