// !$*UTF8*$!
{
	archiveVersion = 1;
	classes = {
	};
	objectVersion = 56;
	objects = {

/* Begin PBXBuildFile section */
		5E0000000000000000000001 /* main.m in Sources */ = {isa = PBXBuildFile; fileRef = 5E0000000000000000000102 /* main.m */; };
		5E0000000000000000000002 /* AppDelegate.m in Sources */ = {isa = PBXBuildFile; fileRef = 5E0000000000000000000104 /* AppDelegate.m */; };
		5E0000000000000000000003 /* EVKRenderView.mm in Sources */ = {isa = PBXBuildFile; fileRef = 5E0000000000000000000107 /* EVKRenderView.mm */; };
		5E0000000000000000000004 /* EVKMetalRenderer.mm in Sources */ = {isa = PBXBuildFile; fileRef = 5E0000000000000000000109 /* EVKMetalRenderer.mm */; };
		5E0000000000000000000005 /* bridge.mm in Sources */ = {isa = PBXBuildFile; fileRef = 5E000000000000000000010B /* bridge.mm */; };
		5E0000000000000000000006 /* event.cpp in Sources */ = {isa = PBXBuildFile; fileRef = 5E000000000000000000010C /* event.cpp */; };
		5E0000000000000000000007 /* render_loop.cpp in Sources */ = {isa = PBXBuildFile; fileRef = 5E000000000000000000010D /* render_loop.cpp */; };
		5E0000000000000000000008 /* esx_view.cpp in Sources */ = {isa = PBXBuildFile; fileRef = 5E000000000000000000010E /* esx_view.cpp */; };
		5E0000000000000000000009 /* view.cpp in Sources */ = {isa = PBXBuildFile; fileRef = 5E000000000000000000010F /* view.cpp */; };
		5E000000000000000000000A /* canvas.cpp in Sources */ = {isa = PBXBuildFile; fileRef = 5E0000000000000000000110 /* canvas.cpp */; };
		5E000000000000000000000B /* app_main.cpp in Sources */ = {isa = PBXBuildFile; fileRef = 5E0000000000000000000111 /* app_main.cpp */; };
		5E000000000000000000000C /* UIKit.framework in Frameworks */ = {isa = PBXBuildFile; fileRef = 5E0000000000000000000112 /* UIKit.framework */; };
		5E000000000000000000000D /* Foundation.framework in Frameworks */ = {isa = PBXBuildFile; fileRef = 5E0000000000000000000113 /* Foundation.framework */; };
		5E000000000000000000000E /* QuartzCore.framework in Frameworks */ = {isa = PBXBuildFile; fileRef = 5E0000000000000000000114 /* QuartzCore.framework */; };
		5E000000000000000000000F /* Metal.framework in Frameworks */ = {isa = PBXBuildFile; fileRef = 5E0000000000000000000115 /* Metal.framework */; };
/* End PBXBuildFile section */

/* Begin PBXFileReference section */
		5E0000000000000000000101 /* estarx_ios.app */ = {isa = PBXFileReference; explicitFileType = wrapper.application; includeInIndex = 0; path = estarx_ios.app; sourceTree = BUILT_PRODUCTS_DIR; };
		5E0000000000000000000102 /* main.m */ = {isa = PBXFileReference; lastKnownFileType = sourcecode.c.objc; path = main.m; sourceTree = "<group>"; };
		5E0000000000000000000103 /* AppDelegate.h */ = {isa = PBXFileReference; lastKnownFileType = sourcecode.c.h; path = AppDelegate.h; sourceTree = "<group>"; };
		5E0000000000000000000104 /* AppDelegate.m */ = {isa = PBXFileReference; lastKnownFileType = sourcecode.c.objc; path = AppDelegate.m; sourceTree = "<group>"; };
		5E0000000000000000000105 /* Info.plist */ = {isa = PBXFileReference; lastKnownFileType = text.plist.xml; path = Info.plist; sourceTree = "<group>"; };
		5E0000000000000000000106 /* EVKRenderView.h */ = {isa = PBXFileReference; lastKnownFileType = sourcecode.c.h; path = EVKRenderView.h; sourceTree = "<group>"; };
		5E0000000000000000000107 /* EVKRenderView.mm */ = {isa = PBXFileReference; lastKnownFileType = sourcecode.cpp.objcpp; path = EVKRenderView.mm; sourceTree = "<group>"; };
		5E0000000000000000000108 /* EVKMetalRenderer.h */ = {isa = PBXFileReference; lastKnownFileType = sourcecode.c.h; path = EVKMetalRenderer.h; sourceTree = "<group>"; };
		5E0000000000000000000109 /* EVKMetalRenderer.mm */ = {isa = PBXFileReference; lastKnownFileType = sourcecode.cpp.objcpp; path = EVKMetalRenderer.mm; sourceTree = "<group>"; };
		5E000000000000000000010A /* bridge.h */ = {isa = PBXFileReference; lastKnownFileType = sourcecode.c.h; path = bridge.h; sourceTree = "<group>"; };
		5E000000000000000000010B /* bridge.mm */ = {isa = PBXFileReference; lastKnownFileType = sourcecode.cpp.objcpp; path = bridge.mm; sourceTree = "<group>"; };
		5E000000000000000000010C /* event.cpp */ = {isa = PBXFileReference; lastKnownFileType = sourcecode.cpp.cpp; path = event.cpp; sourceTree = "<group>"; };
		5E000000000000000000010D /* render_loop.cpp */ = {isa = PBXFileReference; lastKnownFileType = sourcecode.cpp.cpp; path = render_loop.cpp; sourceTree = "<group>"; };
		5E000000000000000000010E /* esx_view.cpp */ = {isa = PBXFileReference; lastKnownFileType = sourcecode.cpp.cpp; path = esx_view.cpp; sourceTree = "<group>"; };
		5E000000000000000000010F /* view.cpp */ = {isa = PBXFileReference; lastKnownFileType = sourcecode.cpp.cpp; path = view.cpp; sourceTree = "<group>"; };
		5E0000000000000000000110 /* canvas.cpp */ = {isa = PBXFileReference; lastKnownFileType = sourcecode.cpp.cpp; path = canvas.cpp; sourceTree = "<group>"; };
		5E0000000000000000000111 /* app_main.cpp */ = {isa = PBXFileReference; lastKnownFileType = sourcecode.cpp.cpp; name = app_main.cpp; path = "../../samples/android/app/src/main/cpp/app_main.cpp"; sourceTree = "<group>"; };
		5E0000000000000000000112 /* UIKit.framework */ = {isa = PBXFileReference; lastKnownFileType = wrapper.framework; name = UIKit.framework; path = System/Library/Frameworks/UIKit.framework; sourceTree = SDKROOT; };
		5E0000000000000000000113 /* Foundation.framework */ = {isa = PBXFileReference; lastKnownFileType = wrapper.framework; name = Foundation.framework; path = System/Library/Frameworks/Foundation.framework; sourceTree = SDKROOT; };
		5E0000000000000000000114 /* QuartzCore.framework */ = {isa = PBXFileReference; lastKnownFileType = wrapper.framework; name = QuartzCore.framework; path = System/Library/Frameworks/QuartzCore.framework; sourceTree = SDKROOT; };
		5E0000000000000000000115 /* Metal.framework */ = {isa = PBXFileReference; lastKnownFileType = wrapper.framework; name = Metal.framework; path = System/Library/Frameworks/Metal.framework; sourceTree = SDKROOT; };
/* End PBXFileReference section */

/* Begin PBXFrameworksBuildPhase section */
		5E0000000000000000000301 /* Frameworks */ = {
			isa = PBXFrameworksBuildPhase;
			buildActionMask = 2147483647;
			files = (
				5E000000000000000000000C /* UIKit.framework in Frameworks */,
				5E000000000000000000000D /* Foundation.framework in Frameworks */,
				5E000000000000000000000E /* QuartzCore.framework in Frameworks */,
				5E000000000000000000000F /* Metal.framework in Frameworks */,
			);
			runOnlyForDeploymentPostprocessing = 0;
		};
/* End PBXFrameworksBuildPhase section */

/* Begin PBXGroup section */
		5E0000000000000000000200 = {
			isa = PBXGroup;
			children = (
				5E0000000000000000000201 /* estarx_ios */,
				5E0000000000000000000202 /* platform/ios */,
				5E0000000000000000000204 /* core/src */,
				5E0000000000000000000206 /* sample(shared) */,
				5E0000000000000000000207 /* Frameworks */,
				5E0000000000000000000208 /* Products */,
			);
			sourceTree = "<group>";
		};
		5E0000000000000000000201 /* estarx_ios */ = {
			isa = PBXGroup;
			children = (
				5E0000000000000000000102 /* main.m */,
				5E0000000000000000000103 /* AppDelegate.h */,
				5E0000000000000000000104 /* AppDelegate.m */,
				5E0000000000000000000105 /* Info.plist */,
			);
			path = estarx_ios;
			sourceTree = "<group>";
		};
		5E0000000000000000000202 /* platform/ios */ = {
			isa = PBXGroup;
			children = (
				5E0000000000000000000106 /* EVKRenderView.h */,
				5E0000000000000000000107 /* EVKRenderView.mm */,
				5E0000000000000000000108 /* EVKMetalRenderer.h */,
				5E0000000000000000000109 /* EVKMetalRenderer.mm */,
				5E0000000000000000000203 /* cpp */,
			);
			name = "platform/ios";
			path = "../../platform/ios";
			sourceTree = "<group>";
		};
		5E0000000000000000000203 /* cpp */ = {
			isa = PBXGroup;
			children = (
				5E000000000000000000010A /* bridge.h */,
				5E000000000000000000010B /* bridge.mm */,
			);
			path = cpp;
			sourceTree = "<group>";
		};
		5E0000000000000000000204 /* core/src */ = {
			isa = PBXGroup;
			children = (
				5E000000000000000000010C /* event.cpp */,
				5E000000000000000000010D /* render_loop.cpp */,
				5E000000000000000000010E /* esx_view.cpp */,
				5E0000000000000000000205 /* ui */,
			);
			name = "core/src";
			path = "../../core/src";
			sourceTree = "<group>";
		};
		5E0000000000000000000205 /* ui */ = {
			isa = PBXGroup;
			children = (
				5E000000000000000000010F /* view.cpp */,
				5E0000000000000000000110 /* canvas.cpp */,
			);
			path = ui;
			sourceTree = "<group>";
		};
		5E0000000000000000000206 /* sample(shared) */ = {
			isa = PBXGroup;
			children = (
				5E0000000000000000000111 /* app_main.cpp */,
			);
			name = "sample(shared)";
			sourceTree = "<group>";
		};
		5E0000000000000000000207 /* Frameworks */ = {
			isa = PBXGroup;
			children = (
				5E0000000000000000000112 /* UIKit.framework */,
				5E0000000000000000000113 /* Foundation.framework */,
				5E0000000000000000000114 /* QuartzCore.framework */,
				5E0000000000000000000115 /* Metal.framework */,
			);
			name = Frameworks;
			sourceTree = "<group>";
		};
		5E0000000000000000000208 /* Products */ = {
			isa = PBXGroup;
			children = (
				5E0000000000000000000101 /* estarx_ios.app */,
			);
			name = Products;
			sourceTree = "<group>";
		};
/* End PBXGroup section */

/* Begin PBXNativeTarget section */
		5E0000000000000000000400 /* estarx_ios */ = {
			isa = PBXNativeTarget;
			buildConfigurationList = 5E0000000000000000000701 /* Build configuration list for PBXNativeTarget "estarx_ios" */;
			buildPhases = (
				5E0000000000000000000300 /* Sources */,
				5E0000000000000000000301 /* Frameworks */,
				5E0000000000000000000302 /* Resources */,
			);
			buildRules = (
			);
			dependencies = (
			);
			name = estarx_ios;
			productName = estarx_ios;
			productReference = 5E0000000000000000000101 /* estarx_ios.app */;
			productType = "com.apple.product-type.application";
		};
/* End PBXNativeTarget section */

/* Begin PBXProject section */
		5E0000000000000000000500 /* Project object */ = {
			isa = PBXProject;
			attributes = {
				BuildIndependentTargetsInParallel = 1;
				LastUpgradeCheck = 1640;
				TargetAttributes = {
					5E0000000000000000000400 = {
						CreatedOnToolsVersion = 16.4;
						ProvisioningStyle = Automatic;
					};
				};
			};
			buildConfigurationList = 5E0000000000000000000700 /* Build configuration list for PBXProject "estarx_ios" */;
			compatibilityVersion = "Xcode 14.0";
			developmentRegion = en;
			hasScannedForEncodings = 0;
			knownRegions = (
				en,
				Base,
			);
			mainGroup = 5E0000000000000000000200;
			productRefGroup = 5E0000000000000000000208 /* Products */;
			projectDirPath = "";
			projectRoot = "";
			targets = (
				5E0000000000000000000400 /* estarx_ios */,
			);
		};
/* End PBXProject section */

/* Begin PBXResourcesBuildPhase section */
		5E0000000000000000000302 /* Resources */ = {
			isa = PBXResourcesBuildPhase;
			buildActionMask = 2147483647;
			files = (
			);
			runOnlyForDeploymentPostprocessing = 0;
		};
/* End PBXResourcesBuildPhase section */

/* Begin PBXSourcesBuildPhase section */
		5E0000000000000000000300 /* Sources */ = {
			isa = PBXSourcesBuildPhase;
			buildActionMask = 2147483647;
			files = (
				5E0000000000000000000001 /* main.m in Sources */,
				5E0000000000000000000002 /* AppDelegate.m in Sources */,
				5E0000000000000000000003 /* EVKRenderView.mm in Sources */,
				5E0000000000000000000004 /* EVKMetalRenderer.mm in Sources */,
				5E0000000000000000000005 /* bridge.mm in Sources */,
				5E0000000000000000000006 /* event.cpp in Sources */,
				5E0000000000000000000007 /* render_loop.cpp in Sources */,
				5E0000000000000000000008 /* esx_view.cpp in Sources */,
				5E0000000000000000000009 /* view.cpp in Sources */,
				5E000000000000000000000A /* canvas.cpp in Sources */,
				5E000000000000000000000B /* app_main.cpp in Sources */,
			);
			runOnlyForDeploymentPostprocessing = 0;
		};
/* End PBXSourcesBuildPhase section */

/* Begin XCBuildConfiguration section */
		5E0000000000000000000600 /* Debug */ = {
			isa = XCBuildConfiguration;
			buildSettings = {
				ALWAYS_SEARCH_USER_PATHS = NO;
				CLANG_ANALYZER_NONNULL = YES;
				CLANG_CXX_LANGUAGE_STANDARD = "c++17";
				CLANG_CXX_LIBRARY = "libc++";
				CLANG_ENABLE_MODULES = YES;
				CLANG_ENABLE_OBJC_ARC = YES;
				CLANG_WARN_BLOCK_CAPTURE_AUTORELEASING = YES;
				CLANG_WARN_BOOL_CONVERSION = YES;
				CLANG_WARN_CONSTANT_CONVERSION = YES;
				CLANG_WARN_DEPRECATED_OBJC_IMPLEMENTATIONS = YES;
				CLANG_WARN_DIRECT_OBJC_ISA_USAGE = YES_ERROR;
				CLANG_WARN_EMPTY_BODY = YES;
				CLANG_WARN_ENUM_CONVERSION = YES;
				CLANG_WARN_INFINITE_RECURSION = YES;
				CLANG_WARN_INT_CONVERSION = YES;
				CLANG_WARN_NON_LITERAL_NULL_CONVERSION = YES;
				CLANG_WARN_OBJC_IMPLICIT_RETAIN_SELF = YES;
				CLANG_WARN_OBJC_LITERAL_CONVERSION = YES;
				CLANG_WARN_OBJC_ROOT_CLASS = YES_ERROR;
				CLANG_WARN_RANGE_LOOP_ANALYSIS = YES;
				CLANG_WARN_STRICT_PROTOTYPES = YES;
				CLANG_WARN_SUSPICIOUS_MOVE = YES;
				CLANG_WARN_UNGUARDED_AVAILABILITY = YES_AGGRESSIVE;
				CLANG_WARN_UNREACHABLE_CODE = YES;
				CLANG_WARN__DUPLICATE_METHOD_MATCH = YES;
				COPY_PHASE_STRIP = NO;
				DEBUG_INFORMATION_FORMAT = dwarf;
				ENABLE_STRICT_OBJC_MSGSEND = YES;
				ENABLE_TESTABILITY = YES;
				GCC_C_LANGUAGE_STANDARD = gnu17;
				GCC_DYNAMIC_NO_PIC = NO;
				GCC_NO_COMMON_BLOCKS = YES;
				GCC_OPTIMIZATION_LEVEL = 0;
				GCC_PREPROCESSOR_DEFINITIONS = (
					"DEBUG=1",
					"$(inherited)",
				);
				GCC_WARN_64_TO_32_BIT_CONVERSION = YES;
				GCC_WARN_ABOUT_RETURN_TYPE = YES_ERROR;
				GCC_WARN_UNDECLARED_SELECTOR = YES;
				GCC_WARN_UNINITIALIZED_AUTOS = YES_AGGRESSIVE;
				GCC_WARN_UNUSED_FUNCTION = YES;
				GCC_WARN_UNUSED_VARIABLE = YES;
				IPHONEOS_DEPLOYMENT_TARGET = 14.0;
				ONLY_ACTIVE_ARCH = YES;
				SDKROOT = iphoneos;
			};
			name = Debug;
		};
		5E0000000000000000000601 /* Release */ = {
			isa = XCBuildConfiguration;
			buildSettings = {
				ALWAYS_SEARCH_USER_PATHS = NO;
				CLANG_ANALYZER_NONNULL = YES;
				CLANG_CXX_LANGUAGE_STANDARD = "c++17";
				CLANG_CXX_LIBRARY = "libc++";
				CLANG_ENABLE_MODULES = YES;
				CLANG_ENABLE_OBJC_ARC = YES;
				CLANG_WARN_BLOCK_CAPTURE_AUTORELEASING = YES;
				CLANG_WARN_BOOL_CONVERSION = YES;
				CLANG_WARN_CONSTANT_CONVERSION = YES;
				CLANG_WARN_DEPRECATED_OBJC_IMPLEMENTATIONS = YES;
				CLANG_WARN_DIRECT_OBJC_ISA_USAGE = YES_ERROR;
				CLANG_WARN_EMPTY_BODY = YES;
				CLANG_WARN_ENUM_CONVERSION = YES;
				CLANG_WARN_INFINITE_RECURSION = YES;
				CLANG_WARN_INT_CONVERSION = YES;
				CLANG_WARN_NON_LITERAL_NULL_CONVERSION = YES;
				CLANG_WARN_OBJC_IMPLICIT_RETAIN_SELF = YES;
				CLANG_WARN_OBJC_LITERAL_CONVERSION = YES;
				CLANG_WARN_OBJC_ROOT_CLASS = YES_ERROR;
				CLANG_WARN_RANGE_LOOP_ANALYSIS = YES;
				CLANG_WARN_STRICT_PROTOTYPES = YES;
				CLANG_WARN_SUSPICIOUS_MOVE = YES;
				CLANG_WARN_UNGUARDED_AVAILABILITY = YES_AGGRESSIVE;
				CLANG_WARN_UNREACHABLE_CODE = YES;
				CLANG_WARN__DUPLICATE_METHOD_MATCH = YES;
				COPY_PHASE_STRIP = NO;
				DEBUG_INFORMATION_FORMAT = "dwarf-with-dsym";
				ENABLE_NS_ASSERTIONS = NO;
				ENABLE_STRICT_OBJC_MSGSEND = YES;
				GCC_C_LANGUAGE_STANDARD = gnu17;
				GCC_NO_COMMON_BLOCKS = YES;
				GCC_WARN_64_TO_32_BIT_CONVERSION = YES;
				GCC_WARN_ABOUT_RETURN_TYPE = YES_ERROR;
				GCC_WARN_UNDECLARED_SELECTOR = YES;
				GCC_WARN_UNINITIALIZED_AUTOS = YES_AGGRESSIVE;
				GCC_WARN_UNUSED_FUNCTION = YES;
				GCC_WARN_UNUSED_VARIABLE = YES;
				IPHONEOS_DEPLOYMENT_TARGET = 14.0;
				SDKROOT = iphoneos;
				VALIDATE_PRODUCT = YES;
			};
			name = Release;
		};
		5E0000000000000000000602 /* Debug */ = {
			isa = XCBuildConfiguration;
			buildSettings = {
				CODE_SIGN_STYLE = Automatic;
				CURRENT_PROJECT_VERSION = 1;
				GENERATE_INFOPLIST_FILE = NO;
				HEADER_SEARCH_PATHS = (
					"../../core/include",
					"../../third_party/spdlog/include",
					"../../third_party/glm",
					"../../platform/ios",
				);
				INFOPLIST_FILE = estarx_ios/Info.plist;
				LD_RUNPATH_SEARCH_PATHS = (
					"$(inherited)",
					"@executable_path/Frameworks",
				);
				MARKETING_VERSION = 1.0;
				PRODUCT_BUNDLE_IDENTIFIER = com.estarx.iossample;
				PRODUCT_BUNDLE_PACKAGE_TYPE = APPL;
				PRODUCT_NAME = "$(TARGET_NAME)";
				TARGETED_DEVICE_FAMILY = "1,2";
			};
			name = Debug;
		};
		5E0000000000000000000603 /* Release */ = {
			isa = XCBuildConfiguration;
			buildSettings = {
				CODE_SIGN_STYLE = Automatic;
				CURRENT_PROJECT_VERSION = 1;
				GENERATE_INFOPLIST_FILE = NO;
				HEADER_SEARCH_PATHS = (
					"../../core/include",
					"../../third_party/spdlog/include",
					"../../third_party/glm",
					"../../platform/ios",
				);
				INFOPLIST_FILE = estarx_ios/Info.plist;
				LD_RUNPATH_SEARCH_PATHS = (
					"$(inherited)",
					"@executable_path/Frameworks",
				);
				MARKETING_VERSION = 1.0;
				PRODUCT_BUNDLE_IDENTIFIER = com.estarx.iossample;
				PRODUCT_BUNDLE_PACKAGE_TYPE = APPL;
				PRODUCT_NAME = "$(TARGET_NAME)";
				TARGETED_DEVICE_FAMILY = "1,2";
			};
			name = Release;
		};
/* End XCBuildConfiguration section */

/* Begin XCConfigurationList section */
		5E0000000000000000000700 /* Build configuration list for PBXProject "estarx_ios" */ = {
			isa = XCConfigurationList;
			buildConfigurations = (
				5E0000000000000000000600 /* Debug */,
				5E0000000000000000000601 /* Release */,
			);
			defaultConfigurationIsVisible = 0;
			defaultConfigurationName = Release;
		};
		5E0000000000000000000701 /* Build configuration list for PBXNativeTarget "estarx_ios" */ = {
			isa = XCConfigurationList;
			buildConfigurations = (
				5E0000000000000000000602 /* Debug */,
				5E0000000000000000000603 /* Release */,
			);
			defaultConfigurationIsVisible = 0;
			defaultConfigurationName = Release;
		};
/* End XCConfigurationList section */
	};
	rootObject = 5E0000000000000000000500 /* Project object */;
}
